PODS:
  - CocoaLumberjack (1.9.2):
    - CocoaLumberjack/Extensions (= 1.9.2)
  - CocoaLumberjack/Core (1.9.2)
  - CocoaLumberjack/Extensions (1.9.2):
    - CocoaLumberjack/Core
  - Dropbox-iOS-SDK (1.3.13)
  - FastImageCache (1.3)
  - FFCircularProgressView (0.5)
  - Google-API-Client (1.0.422):
    - Google-API-Client/AdSense (= 1.0.422)
    - Google-API-Client/Analytics (= 1.0.422)
    - Google-API-Client/AppState (= 1.0.422)
    - Google-API-Client/Bigquery (= 1.0.422)
    - Google-API-Client/Blogger (= 1.0.422)
    - Google-API-Client/Books (= 1.0.422)
    - Google-API-Client/Calendar (= 1.0.422)
    - Google-API-Client/CivicInfo (= 1.0.422)
    - Google-API-Client/Common (= 1.0.422)
    - Google-API-Client/Compute (= 1.0.422)
    - Google-API-Client/Discovery (= 1.0.422)
    - Google-API-Client/DoubleClickBidManager (= 1.0.422)
    - Google-API-Client/Drive (= 1.0.422)
    - Google-API-Client/Gmail (= 1.0.422)
    - Google-API-Client/Groupssettings (= 1.0.422)
    - Google-API-Client/Licensing (= 1.0.422)
    - Google-API-Client/MapsEngine (= 1.0.422)
    - Google-API-Client/Mirror (= 1.0.422)
    - Google-API-Client/Orkut (= 1.0.422)
    - Google-API-Client/Plus (= 1.0.422)
    - Google-API-Client/PlusDomains (= 1.0.422)
    - Google-API-Client/Prediction (= 1.0.422)
    - Google-API-Client/QPXExpress (= 1.0.422)
    - Google-API-Client/Spectrum (= 1.0.422)
    - Google-API-Client/SQLAdmin (= 1.0.422)
    - Google-API-Client/Storage (= 1.0.422)
    - Google-API-Client/Tasks (= 1.0.422)
    - Google-API-Client/Urlshortener (= 1.0.422)
    - Google-API-Client/YouTube (= 1.0.422)
    - Google-API-Client/YouTubeAnalytics (= 1.0.422)
    - gtm-http-fetcher (~> 1.0.141)
    - gtm-oauth2 (~> 1.0.125)
  - Google-API-Client/AdSense (1.0.422):
    - Google-API-Client/Common
    - gtm-http-fetcher (~> 1.0.141)
    - gtm-oauth2 (~> 1.0.125)
  - Google-API-Client/Analytics (1.0.422):
    - Google-API-Client/Common
    - gtm-http-fetcher (~> 1.0.141)
    - gtm-oauth2 (~> 1.0.125)
  - Google-API-Client/AppState (1.0.422):
    - Google-API-Client/Common
    - gtm-http-fetcher (~> 1.0.141)
    - gtm-oauth2 (~> 1.0.125)
  - Google-API-Client/Bigquery (1.0.422):
    - Google-API-Client/Common
    - gtm-http-fetcher (~> 1.0.141)
    - gtm-oauth2 (~> 1.0.125)
  - Google-API-Client/Blogger (1.0.422):
    - Google-API-Client/Common
    - gtm-http-fetcher (~> 1.0.141)
    - gtm-oauth2 (~> 1.0.125)
  - Google-API-Client/Books (1.0.422):
    - Google-API-Client/Common
    - gtm-http-fetcher (~> 1.0.141)
    - gtm-oauth2 (~> 1.0.125)
  - Google-API-Client/Calendar (1.0.422):
    - Google-API-Client/Common
    - gtm-http-fetcher (~> 1.0.141)
    - gtm-oauth2 (~> 1.0.125)
  - Google-API-Client/CivicInfo (1.0.422):
    - Google-API-Client/Common
    - gtm-http-fetcher (~> 1.0.141)
    - gtm-oauth2 (~> 1.0.125)
  - Google-API-Client/Common (1.0.422):
    - gtm-http-fetcher (~> 1.0.141)
    - gtm-oauth2 (~> 1.0.125)
  - Google-API-Client/Compute (1.0.422):
    - Google-API-Client/Common
    - gtm-http-fetcher (~> 1.0.141)
    - gtm-oauth2 (~> 1.0.125)
  - Google-API-Client/Discovery (1.0.422):
    - Google-API-Client/Common
    - gtm-http-fetcher (~> 1.0.141)
    - gtm-oauth2 (~> 1.0.125)
  - Google-API-Client/DoubleClickBidManager (1.0.422):
    - Google-API-Client/Common
    - gtm-http-fetcher (~> 1.0.141)
    - gtm-oauth2 (~> 1.0.125)
  - Google-API-Client/Drive (1.0.422):
    - Google-API-Client/Common
    - gtm-http-fetcher (~> 1.0.141)
    - gtm-oauth2 (~> 1.0.125)
  - Google-API-Client/Gmail (1.0.422):
    - Google-API-Client/Common
    - gtm-http-fetcher (~> 1.0.141)
    - gtm-oauth2 (~> 1.0.125)
  - Google-API-Client/Groupssettings (1.0.422):
    - Google-API-Client/Common
    - gtm-http-fetcher (~> 1.0.141)
    - gtm-oauth2 (~> 1.0.125)
  - Google-API-Client/Licensing (1.0.422):
    - Google-API-Client/Common
    - gtm-http-fetcher (~> 1.0.141)
    - gtm-oauth2 (~> 1.0.125)
  - Google-API-Client/MapsEngine (1.0.422):
    - Google-API-Client/Common
    - gtm-http-fetcher (~> 1.0.141)
    - gtm-oauth2 (~> 1.0.125)
  - Google-API-Client/Mirror (1.0.422):
    - Google-API-Client/Common
    - gtm-http-fetcher (~> 1.0.141)
    - gtm-oauth2 (~> 1.0.125)
  - Google-API-Client/Orkut (1.0.422):
    - Google-API-Client/Common
    - gtm-http-fetcher (~> 1.0.141)
    - gtm-oauth2 (~> 1.0.125)
  - Google-API-Client/Plus (1.0.422):
    - Google-API-Client/Common
    - gtm-http-fetcher (~> 1.0.141)
    - gtm-oauth2 (~> 1.0.125)
  - Google-API-Client/PlusDomains (1.0.422):
    - Google-API-Client/Common
    - gtm-http-fetcher (~> 1.0.141)
    - gtm-oauth2 (~> 1.0.125)
  - Google-API-Client/Prediction (1.0.422):
    - Google-API-Client/Common
    - gtm-http-fetcher (~> 1.0.141)
    - gtm-oauth2 (~> 1.0.125)
  - Google-API-Client/QPXExpress (1.0.422):
    - Google-API-Client/Common
    - gtm-http-fetcher (~> 1.0.141)
    - gtm-oauth2 (~> 1.0.125)
  - Google-API-Client/Spectrum (1.0.422):
    - Google-API-Client/Common
    - gtm-http-fetcher (~> 1.0.141)
    - gtm-oauth2 (~> 1.0.125)
  - Google-API-Client/SQLAdmin (1.0.422):
    - Google-API-Client/Common
    - gtm-http-fetcher (~> 1.0.141)
    - gtm-oauth2 (~> 1.0.125)
  - Google-API-Client/Storage (1.0.422):
    - Google-API-Client/Common
    - gtm-http-fetcher (~> 1.0.141)
    - gtm-oauth2 (~> 1.0.125)
  - Google-API-Client/Tasks (1.0.422):
    - Google-API-Client/Common
    - gtm-http-fetcher (~> 1.0.141)
    - gtm-oauth2 (~> 1.0.125)
  - Google-API-Client/Urlshortener (1.0.422):
    - Google-API-Client/Common
    - gtm-http-fetcher (~> 1.0.141)
    - gtm-oauth2 (~> 1.0.125)
  - Google-API-Client/YouTube (1.0.422):
    - Google-API-Client/Common
    - gtm-http-fetcher (~> 1.0.141)
    - gtm-oauth2 (~> 1.0.125)
  - Google-API-Client/YouTubeAnalytics (1.0.422):
    - Google-API-Client/Common
    - gtm-http-fetcher (~> 1.0.141)
    - gtm-oauth2 (~> 1.0.125)
  - gtm-http-fetcher (1.0.141)
  - gtm-oauth2 (1.0.126):
    - gtm-http-fetcher (~> 1.0.141)
  - HexColors (2.2.1)
  - iOS-blur (0.0.5)
  - libextobjc (0.4.1):
    - libextobjc/EXTADT (= 0.4.1)
    - libextobjc/EXTConcreteProtocol (= 0.4.1)
    - libextobjc/EXTKeyPathCoding (= 0.4.1)
    - libextobjc/EXTNil (= 0.4.1)
    - libextobjc/EXTSafeCategory (= 0.4.1)
    - libextobjc/EXTScope (= 0.4.1)
    - libextobjc/EXTSelectorChecking (= 0.4.1)
    - libextobjc/EXTSynthesize (= 0.4.1)
    - libextobjc/NSInvocation+EXT (= 0.4.1)
    - libextobjc/NSMethodSignature+EXT (= 0.4.1)
    - libextobjc/RuntimeExtensions (= 0.4.1)
    - libextobjc/UmbrellaHeader (= 0.4.1)
  - libextobjc/EXTADT (0.4.1):
    - libextobjc/RuntimeExtensions
  - libextobjc/EXTConcreteProtocol (0.4.1):
    - libextobjc/RuntimeExtensions
  - libextobjc/EXTKeyPathCoding (0.4.1):
    - libextobjc/RuntimeExtensions
  - libextobjc/EXTNil (0.4.1):
    - libextobjc/RuntimeExtensions
  - libextobjc/EXTSafeCategory (0.4.1):
    - libextobjc/RuntimeExtensions
  - libextobjc/EXTScope (0.4.1):
    - libextobjc/RuntimeExtensions
  - libextobjc/EXTSelectorChecking (0.4.1):
    - libextobjc/RuntimeExtensions
  - libextobjc/EXTSynthesize (0.4.1):
    - libextobjc/RuntimeExtensions
  - libextobjc/NSInvocation+EXT (0.4.1):
    - libextobjc/RuntimeExtensions
  - libextobjc/NSMethodSignature+EXT (0.4.1):
    - libextobjc/RuntimeExtensions
  - libextobjc/RuntimeExtensions (0.4.1)
  - libextobjc/UmbrellaHeader (0.4.1)
  - OCMock (3.0.2)
  - RaptureXML (1.0.1)
  - ReactiveCocoa (2.3.1):
    - ReactiveCocoa/UI (= 2.3.1)
  - ReactiveCocoa/Core (2.3.1):
    - ReactiveCocoa/no-arc
  - ReactiveCocoa/no-arc (2.3.1)
  - ReactiveCocoa/UI (2.3.1):
    - ReactiveCocoa/Core
  - SSZipArchive (0.4.0)
  - SVProgressHUD (1.1.3)
  - SWTableViewCell (0.3.7)
  - TSMessages (0.9.12):
    - HexColors (~> 2.2.0)

DEPENDENCIES:
  - CocoaLumberjack (~> 1.8)
  - Dropbox-iOS-SDK (~> 1.3.10)
  - FastImageCache (~> 1.3)
  - FFCircularProgressView (~> 0.3)
  - Google-API-Client (~> 1.0)
  - iOS-blur (~> 0.0.5)
  - libextobjc (~> 0.4)
  - OCMock (~> 3.0.2)
  - RaptureXML (~> 1.0.1)
  - ReactiveCocoa (from `https://raw.githubusercontent.com/creepone/ReactiveCocoa/private/ReactiveCocoa.podspec.json`)
  - SSZipArchive (~> 0.3)
  - SVProgressHUD (~> 1.0)
  - SWTableViewCell (~> 0.3.4)
  - TSMessages (~> 0.9.9)

EXTERNAL SOURCES:
  ReactiveCocoa:
    :podspec: https://raw.githubusercontent.com/creepone/ReactiveCocoa/private/ReactiveCocoa.podspec.json

SPEC CHECKSUMS:
  CocoaLumberjack: 628fca2e88ef06f7cf6817309aa405f325d9a6fa
  Dropbox-iOS-SDK: e0c9b08d1604b39cb78c1d0333251de0f6bdec60
  FastImageCache: 25f214fd46405daca3d1995d783fb83b9036c62e
  FFCircularProgressView: 683a4ab1e1bd613246a3dffa61503ffdebcde8d8
  Google-API-Client: cb712cf122f1d7fda966de4c2bc551324573366c
  gtm-http-fetcher: 6d4617e7d343b6e4c082b777541c334eb6f5d81e
  gtm-oauth2: 2a18b824e4f8a02df6cfe987beb59ae9d9697f9d
  HexColors: abfd172e329dab59888614ccba6f216cec59289d
  iOS-blur: 8e4a4a2202b881e940869eca0c957808cbdf0a19
  libextobjc: a650fc1bf489a3d3a9bc2e621efa3e1006fc5471
  OCMock: 1f0871af0f397183f33e7552cca088bd2b485c25
  RaptureXML: b5c33c04c1a4adfd8ad0d5463329a31820596e82
  ReactiveCocoa: d62de1d789eca0db8fd464bbfe7a350189ffebe7
  SSZipArchive: d3d66fc0e3fb6ac0f723d95481aae71aae916cc3
  SVProgressHUD: 748080e4f36e603f6c02aec292664239df5279c1
  SWTableViewCell: 2a94aadc9d47b2b611fa064566bf57948b95b579
  TSMessages: c8cc7b80f2a833af533872cd02010cac061532cc

COCOAPODS: 0.39.0
