PODS:
  - CocoaLumberjack (1.9.0):
    - CocoaLumberjack/Extensions
  - CocoaLumberjack/Core (1.9.0)
  - CocoaLumberjack/Extensions (1.9.0):
    - CocoaLumberjack/Core
  - Dropbox-iOS-SDK (1.3.10)
  - FastImageCache (1.3)
  - FFCircularProgressView (0.4)
  - Google-API-Client (0.1.1):
    - Google-API-Client/AdSense
    - Google-API-Client/Analytics
    - Google-API-Client/AppState
    - Google-API-Client/Bigquery
    - Google-API-Client/Blogger
    - Google-API-Client/Books
    - Google-API-Client/Calendar
    - Google-API-Client/CivicInfo
    - Google-API-Client/Common
    - Google-API-Client/Compute
    - Google-API-Client/Discovery
    - Google-API-Client/DoubleClickBidManager
    - Google-API-Client/Drive
    - Google-API-Client/Groupssettings
    - Google-API-Client/Licensing
    - Google-API-Client/MapsEngine
    - Google-API-Client/Mirror
    - Google-API-Client/Orkut
    - Google-API-Client/Plus
    - Google-API-Client/PlusDomains
    - Google-API-Client/Prediction
    - Google-API-Client/QPXExpress
    - Google-API-Client/Spectrum
    - Google-API-Client/SQLAdmin
    - Google-API-Client/Storage
    - Google-API-Client/Tasks
    - Google-API-Client/Urlshortener
    - Google-API-Client/YouTube
    - Google-API-Client/YouTubeAnalytics
    - gtm-oauth2
    - GTMHTTPFetcher
  - Google-API-Client/AdSense (0.1.1):
    - Google-API-Client/Common
    - gtm-oauth2
    - GTMHTTPFetcher
  - Google-API-Client/Analytics (0.1.1):
    - Google-API-Client/Common
    - gtm-oauth2
    - GTMHTTPFetcher
  - Google-API-Client/AppState (0.1.1):
    - Google-API-Client/Common
    - gtm-oauth2
    - GTMHTTPFetcher
  - Google-API-Client/Bigquery (0.1.1):
    - Google-API-Client/Common
    - gtm-oauth2
    - GTMHTTPFetcher
  - Google-API-Client/Blogger (0.1.1):
    - Google-API-Client/Common
    - gtm-oauth2
    - GTMHTTPFetcher
  - Google-API-Client/Books (0.1.1):
    - Google-API-Client/Common
    - gtm-oauth2
    - GTMHTTPFetcher
  - Google-API-Client/Calendar (0.1.1):
    - Google-API-Client/Common
    - gtm-oauth2
    - GTMHTTPFetcher
  - Google-API-Client/CivicInfo (0.1.1):
    - Google-API-Client/Common
    - gtm-oauth2
    - GTMHTTPFetcher
  - Google-API-Client/Common (0.1.1):
    - gtm-oauth2
    - GTMHTTPFetcher
  - Google-API-Client/Compute (0.1.1):
    - Google-API-Client/Common
    - gtm-oauth2
    - GTMHTTPFetcher
  - Google-API-Client/Discovery (0.1.1):
    - Google-API-Client/Common
    - gtm-oauth2
    - GTMHTTPFetcher
  - Google-API-Client/DoubleClickBidManager (0.1.1):
    - Google-API-Client/Common
    - gtm-oauth2
    - GTMHTTPFetcher
  - Google-API-Client/Drive (0.1.1):
    - Google-API-Client/Common
    - gtm-oauth2
    - GTMHTTPFetcher
  - Google-API-Client/Groupssettings (0.1.1):
    - Google-API-Client/Common
    - gtm-oauth2
    - GTMHTTPFetcher
  - Google-API-Client/Licensing (0.1.1):
    - Google-API-Client/Common
    - gtm-oauth2
    - GTMHTTPFetcher
  - Google-API-Client/MapsEngine (0.1.1):
    - Google-API-Client/Common
    - gtm-oauth2
    - GTMHTTPFetcher
  - Google-API-Client/Mirror (0.1.1):
    - Google-API-Client/Common
    - gtm-oauth2
    - GTMHTTPFetcher
  - Google-API-Client/Orkut (0.1.1):
    - Google-API-Client/Common
    - gtm-oauth2
    - GTMHTTPFetcher
  - Google-API-Client/Plus (0.1.1):
    - Google-API-Client/Common
    - gtm-oauth2
    - GTMHTTPFetcher
  - Google-API-Client/PlusDomains (0.1.1):
    - Google-API-Client/Common
    - gtm-oauth2
    - GTMHTTPFetcher
  - Google-API-Client/Prediction (0.1.1):
    - Google-API-Client/Common
    - gtm-oauth2
    - GTMHTTPFetcher
  - Google-API-Client/QPXExpress (0.1.1):
    - Google-API-Client/Common
    - gtm-oauth2
    - GTMHTTPFetcher
  - Google-API-Client/Spectrum (0.1.1):
    - Google-API-Client/Common
    - gtm-oauth2
    - GTMHTTPFetcher
  - Google-API-Client/SQLAdmin (0.1.1):
    - Google-API-Client/Common
    - gtm-oauth2
    - GTMHTTPFetcher
  - Google-API-Client/Storage (0.1.1):
    - Google-API-Client/Common
    - gtm-oauth2
    - GTMHTTPFetcher
  - Google-API-Client/Tasks (0.1.1):
    - Google-API-Client/Common
    - gtm-oauth2
    - GTMHTTPFetcher
  - Google-API-Client/Urlshortener (0.1.1):
    - Google-API-Client/Common
    - gtm-oauth2
    - GTMHTTPFetcher
  - Google-API-Client/YouTube (0.1.1):
    - Google-API-Client/Common
    - gtm-oauth2
    - GTMHTTPFetcher
  - Google-API-Client/YouTubeAnalytics (0.1.1):
    - Google-API-Client/Common
    - gtm-oauth2
    - GTMHTTPFetcher
  - gtm-oauth2 (0.1.0):
    - GTMHTTPFetcher
  - GTMHTTPFetcher (0.1.0)
  - HexColors (2.2.1)
  - iOS-blur (0.0.5)
  - libextobjc (0.4):
    - libextobjc/EXTADT
    - libextobjc/EXTConcreteProtocol
    - libextobjc/EXTKeyPathCoding
    - libextobjc/EXTNil
    - libextobjc/EXTSafeCategory
    - libextobjc/EXTScope
    - libextobjc/EXTSelectorChecking
    - libextobjc/EXTSynthesize
    - libextobjc/NSInvocation+EXT
    - libextobjc/NSMethodSignature+EXT
    - libextobjc/RuntimeExtensions
    - libextobjc/UmbrellaHeader
  - libextobjc/EXTADT (0.4):
    - libextobjc/RuntimeExtensions
  - libextobjc/EXTConcreteProtocol (0.4):
    - libextobjc/RuntimeExtensions
  - libextobjc/EXTKeyPathCoding (0.4):
    - libextobjc/RuntimeExtensions
  - libextobjc/EXTNil (0.4):
    - libextobjc/RuntimeExtensions
  - libextobjc/EXTSafeCategory (0.4):
    - libextobjc/RuntimeExtensions
  - libextobjc/EXTScope (0.4):
    - libextobjc/RuntimeExtensions
  - libextobjc/EXTSelectorChecking (0.4):
    - libextobjc/RuntimeExtensions
  - libextobjc/EXTSynthesize (0.4):
    - libextobjc/RuntimeExtensions
  - libextobjc/NSInvocation+EXT (0.4):
    - libextobjc/RuntimeExtensions
  - libextobjc/NSMethodSignature+EXT (0.4):
    - libextobjc/RuntimeExtensions
  - libextobjc/RuntimeExtensions (0.4)
  - libextobjc/UmbrellaHeader (0.4)
  - OCMock (3.0.2)
  - RaptureXML (1.0.1)
  - ReactiveCocoa (2.3.1):
    - ReactiveCocoa/UI
  - ReactiveCocoa/Core (2.3.1):
    - ReactiveCocoa/no-arc
  - ReactiveCocoa/no-arc (2.3.1)
  - ReactiveCocoa/UI (2.3.1):
    - ReactiveCocoa/Core
  - SSZipArchive (0.3.1)
  - SVProgressHUD (1.0)
  - SWTableViewCell (0.3.4)
  - TSMessages (0.9.9):
    - HexColors

DEPENDENCIES:
  - CocoaLumberjack (~> 1.8)
  - Dropbox-iOS-SDK (~> 1.3.10)
  - FastImageCache (~> 1.3)
  - FFCircularProgressView (~> 0.3)
  - Google-API-Client (~> 0.1.1)
  - iOS-blur (~> 0.0.5)
  - libextobjc (~> 0.4)
  - OCMock (~> 3.0.2)
  - RaptureXML (~> 1.0.1)
  - ReactiveCocoa (from `https://raw.githubusercontent.com/creepone/ReactiveCocoa/private/ReactiveCocoa.podspec.json`)
  - SSZipArchive (~> 0.3)
  - SVProgressHUD (~> 1.0)
  - SWTableViewCell (~> 0.3.4)
  - TSMessages (~> 0.9.9)

EXTERNAL SOURCES:
  ReactiveCocoa:
    :podspec: https://raw.githubusercontent.com/creepone/ReactiveCocoa/private/ReactiveCocoa.podspec.json

SPEC CHECKSUMS:
  CocoaLumberjack: 5766cdd1d0a24bcf15a133c6023747346bf786dd
  Dropbox-iOS-SDK: 13b2cc61670720b0223c6e96a3af92e43aa03763
  FastImageCache: f0897a850a1479a95b1415eb88ed1fdce708353a
  FFCircularProgressView: 8b1def13f3eb58916162867c5cea79c242679b96
  Google-API-Client: 69cd2a04c649abe9f3fa6695bc4bb8965373f204
  gtm-oauth2: 64f2d404a50676ab63b5437a02a7567da8f8b7fa
  GTMHTTPFetcher: 0f02d5a5803dd08736462981064de6a7f59cf9bd
  HexColors: 01384d2bbe8dc4ffa43c3b4135db6e976952d153
  iOS-blur: 5ec57b4a72e57a4f8f5f47ff3f59e56c0690b761
  libextobjc: ba42e4111f433273a886cd54f0ddaddb7f62f82f
  OCMock: b9836ab89d8d5e66cbe6333f93857037c310ee62
  RaptureXML: b9b0aca9c68c684c189af73dd5e8f8fdeec74600
  ReactiveCocoa: d62de1d789eca0db8fd464bbfe7a350189ffebe7
  SSZipArchive: 6dc0ea3fe4b55574bee23c9f01d7c0f8437d59ef
  SVProgressHUD: 5034c6e22b8c2ca3e09402e48d41ed0340aa1c50
  SWTableViewCell: 169334f3bd63f2525a070208cc876d17c0f0c9cf
  TSMessages: 2999ef55e532378692e9d14d32da2bb60e285129

COCOAPODS: 0.34.1
