// !$*UTF8*$!
{
	archiveVersion = 1;
	classes = {
	};
	objectVersion = 46;
	objects = {

/* Begin PBXBuildFile section */
		696C115BC2254A1EB5EFD122 /* PLPromise.m in Sources */ = {isa = PBXBuildFile; fileRef = 696C1F83AD3337B20894E1D9 /* PLPromise.m */; };
		696C12295CFEA1F9814E8AC8 /* PLPlaylistSongCellModelView.m in Sources */ = {isa = PBXBuildFile; fileRef = 696C1B64873859724C208B95 /* PLPlaylistSongCellModelView.m */; };
		696C13068CF01B07191595AB /* PLImageCache.m in Sources */ = {isa = PBXBuildFile; fileRef = 696C1239863912CEC9BDB652 /* PLImageCache.m */; };
		696C13EE5F69A14268974A60 /* PLErrorManager.m in Sources */ = {isa = PBXBuildFile; fileRef = 696C12FAB54495AF46A2A951 /* PLErrorManager.m */; };
		696C1409FF66555E089505A1 /* NSArray+PLExtensions.m in Sources */ = {isa = PBXBuildFile; fileRef = 696C133478AB46FE4BED85EF /* NSArray+PLExtensions.m */; };
		696C14355BFE9EF3A322E84C /* PLColors.m in Sources */ = {isa = PBXBuildFile; fileRef = 696C1F36F1EB35D1A794B4FE /* PLColors.m */; };
		696C144E4704B5A5CF53C33D /* RXPromise+PLExtensions.m in Sources */ = {isa = PBXBuildFile; fileRef = 696C1F806E065E1941BA78DA /* RXPromise+PLExtensions.m */; };
		696C150707F3BDB3401223BA /* PLConstraints.m in Sources */ = {isa = PBXBuildFile; fileRef = 696C134AABF2AE3C703232D6 /* PLConstraints.m */; };
		696C153A17367E75E95611F2 /* PLCachedArtwork.m in Sources */ = {isa = PBXBuildFile; fileRef = 696C1500B3FE45191DAA56E0 /* PLCachedArtwork.m */; };
		696C159390EB7A51269C2399 /* NSString+PLExtensions.m in Sources */ = {isa = PBXBuildFile; fileRef = 696C1B78075493A42466C4A8 /* NSString+PLExtensions.m */; };
		696C15F960FE4C012828606D /* PLActivityViewController.m in Sources */ = {isa = PBXBuildFile; fileRef = 696C1C1CFEA94557045A202E /* PLActivityViewController.m */; };
		696C1688959910200C8E162E /* PLSelectFromMusicLibraryActivity.m in Sources */ = {isa = PBXBuildFile; fileRef = 696C1A380A19FBA5F3A9D4E3 /* PLSelectFromMusicLibraryActivity.m */; };
		696C169A25ECD6B14186B438 /* PLEntity.m in Sources */ = {isa = PBXBuildFile; fileRef = 696C1E69820AF0DDE12F4252 /* PLEntity.m */; };
		696C16CE03E0D6A5D2CF72AF /* PLImportActivityViewController.m in Sources */ = {isa = PBXBuildFile; fileRef = 696C1FE69CD877A0A21E876F /* PLImportActivityViewController.m */; };
		696C177E0F2230FE3DDA991B /* PLMediaItemTrackGroup.m in Sources */ = {isa = PBXBuildFile; fileRef = 696C1F2107FF194F73B00CA7 /* PLMediaItemTrackGroup.m */; };
		696C17BF00FEF79DF2FCB485 /* PLRequestManager.m in Sources */ = {isa = PBXBuildFile; fileRef = 696C160375147E63C52A1806 /* PLRequestManager.m */; };
		696C196244DD64E0DD03976E /* UIViewController+PLErrorExtensions.m in Sources */ = {isa = PBXBuildFile; fileRef = 696C12C9DF1F34B0D5963EEC /* UIViewController+PLErrorExtensions.m */; };
		696C197C7FC7F02EAB520C14 /* PLUtils.m in Sources */ = {isa = PBXBuildFile; fileRef = 696C182AEF78B538772A01FD /* PLUtils.m */; };
		696C19D6E20C154C20D0DC68 /* PLRequestOptions.m in Sources */ = {isa = PBXBuildFile; fileRef = 696C1729AD0F641AC0C9D8FF /* PLRequestOptions.m */; };
		696C1A5C34970937DA5E0A3B /* PLLogging.m in Sources */ = {isa = PBXBuildFile; fileRef = 696C19A6848C7EB377AF58C5 /* PLLogging.m */; };
		696C1A663DCC44EB31B19B46 /* PLDownloadFromICloudActivity.m in Sources */ = {isa = PBXBuildFile; fileRef = 696C1A8B85B56C770FB7BEC0 /* PLDownloadFromICloudActivity.m */; };
		696C1A7540982F010E4E85CD /* PLTrackGroupCellModelView.m in Sources */ = {isa = PBXBuildFile; fileRef = 696C173E18677F6CD43519DF /* PLTrackGroupCellModelView.m */; };
		696C1ADFA4D617995455F30F /* PLDownloadFromDropboxActivity.m in Sources */ = {isa = PBXBuildFile; fileRef = 696C123B1E65E488D94DD4A8 /* PLDownloadFromDropboxActivity.m */; };
		696C1B378A7D2749C756064C /* PLMediaItemTrack.m in Sources */ = {isa = PBXBuildFile; fileRef = 696C1EEB72AA7536F82ED55D /* PLMediaItemTrack.m */; };
		696C1B8ADD0FA7E1BD73BBD1 /* PLPlaylistSongsDelegate.m in Sources */ = {isa = PBXBuildFile; fileRef = 696C1BF13C7BEFF1865E8C4A /* PLPlaylistSongsDelegate.m */; };
		696C1B8D690CECA9499F257E /* PLMediaLibrarySearch.m in Sources */ = {isa = PBXBuildFile; fileRef = 696C1A1B2AD9708890647B5D /* PLMediaLibrarySearch.m */; };
		696C1C17D8D7CEA11E7A5928 /* PLDownloadFromGDriveActivity.m in Sources */ = {isa = PBXBuildFile; fileRef = 696C1D4C6FF0251EBF444798 /* PLDownloadFromGDriveActivity.m */; };
		696C1C38A95357371CFEE558 /* PLDownloadURLActivity.m in Sources */ = {isa = PBXBuildFile; fileRef = 696C1AD27942A80B8A9896C5 /* PLDownloadURLActivity.m */; };
		696C1CC618F99813793E6F46 /* PLFileSharingActivity.m in Sources */ = {isa = PBXBuildFile; fileRef = 696C143FEC9667A8B106C5AE /* PLFileSharingActivity.m */; };
		696C1DF8E8A5D182F7F07621 /* PLBackgroundProcess.m in Sources */ = {isa = PBXBuildFile; fileRef = 696C150BD38DBFE750DEEE04 /* PLBackgroundProcess.m */; };
		696C1E705DB79F2E2990D98A /* UIView+PLExtensions.m in Sources */ = {isa = PBXBuildFile; fileRef = 696C1AEEA078C2AEA6CA16D1 /* UIView+PLExtensions.m */; };
		696C1F1FF839CDC5DB90DE97 /* PLButton.m in Sources */ = {isa = PBXBuildFile; fileRef = 696C1CE67D437458210D2DE2 /* PLButton.m */; };
		696C1F292F5CDB0A7156E3AD /* NSObject+PLExtensions.m in Sources */ = {isa = PBXBuildFile; fileRef = 696C1DE33AAD9B681D2E03F9 /* NSObject+PLExtensions.m */; };
		696C1F37827BDCC5942F540F /* PLMediaMirror.m in Sources */ = {isa = PBXBuildFile; fileRef = 696C13B5A2362071AD1BB2C0 /* PLMediaMirror.m */; };
		696C1F72E45C6A9B4C528C3C /* PLActivityView.m in Sources */ = {isa = PBXBuildFile; fileRef = 696C1046C87A0138396351B9 /* PLActivityView.m */; };
		696C1F9C8C8A7886A8530949 /* PLDownloadPodcastActivity.m in Sources */ = {isa = PBXBuildFile; fileRef = 696C146AEE2E2953E78DFD15 /* PLDownloadPodcastActivity.m */; };
		696C1FBF6134FDF5DE3BD2C6 /* PLLegacySongTableViewCell.m in Sources */ = {isa = PBXBuildFile; fileRef = 696C17D6C827B6995026B0FA /* PLLegacySongTableViewCell.m */; };
		696C1FC71A11624AE1D6F4F6 /* PLBackgroundProcessProgress.m in Sources */ = {isa = PBXBuildFile; fileRef = 696C1F6362232CF71408E756 /* PLBackgroundProcessProgress.m */; };
		C3437569166BE531006EC87D /* jbl_confirm.mp3 in Resources */ = {isa = PBXBuildFile; fileRef = C3437568166BE531006EC87D /* jbl_confirm.mp3 */; };
		C343756B166BE5ED006EC87D /* jbl_confirm.caf in Resources */ = {isa = PBXBuildFile; fileRef = C343756A166BE5ED006EC87D /* jbl_confirm.caf */; };
		C343756D166BE661006EC87D /* jbl_confirm.aiff in Resources */ = {isa = PBXBuildFile; fileRef = C343756C166BE661006EC87D /* jbl_confirm.aiff */; };
		C3544850165922C80083D703 /* SliderCell.m in Sources */ = {isa = PBXBuildFile; fileRef = C354484F165922C80083D703 /* SliderCell.m */; };
		C378CD76194C505A001D0593 /* PLMainUI.m in Sources */ = {isa = PBXBuildFile; fileRef = C378CD75194C505A001D0593 /* PLMainUI.m */; };
		C378CD78194C51D5001D0593 /* Main.storyboard in Resources */ = {isa = PBXBuildFile; fileRef = C378CD77194C51D5001D0593 /* Main.storyboard */; };
		C378CD7C194C52A6001D0593 /* PLMainViewController.m in Sources */ = {isa = PBXBuildFile; fileRef = C378CD7B194C52A6001D0593 /* PLMainViewController.m */; };
		C378CD80194C61CF001D0593 /* PLPlaylistSongCell.m in Sources */ = {isa = PBXBuildFile; fileRef = C378CD7F194C61CF001D0593 /* PLPlaylistSongCell.m */; };
		C384009B193879E600D6A930 /* PLTrack.m in Sources */ = {isa = PBXBuildFile; fileRef = C384009A193879E600D6A930 /* PLTrack.m */; };
		C3A4D67C193E40320060B704 /* PLFileImport.m in Sources */ = {isa = PBXBuildFile; fileRef = C3A4D67B193E40320060B704 /* PLFileImport.m */; };
		C3A4D67F19433F1C0060B704 /* PLTableViewProgress.m in Sources */ = {isa = PBXBuildFile; fileRef = C3A4D67E19433F1C0060B704 /* PLTableViewProgress.m */; };
		C3A4D682194343570060B704 /* PLProgressTableViewCell.m in Sources */ = {isa = PBXBuildFile; fileRef = C3A4D681194343570060B704 /* PLProgressTableViewCell.m */; };
		C3BC5A361656B772002DA837 /* InfoPlist.strings in Resources */ = {isa = PBXBuildFile; fileRef = C3BC5A341656B772002DA837 /* InfoPlist.strings */; };
		C3BC5A381656B772002DA837 /* main.m in Sources */ = {isa = PBXBuildFile; fileRef = C3BC5A371656B772002DA837 /* main.m */; };
		C3BC5A3C1656B772002DA837 /* PLAppDelegate.m in Sources */ = {isa = PBXBuildFile; fileRef = C3BC5A3B1656B772002DA837 /* PLAppDelegate.m */; };
		C3BC5A3E1656B772002DA837 /* Default.png in Resources */ = {isa = PBXBuildFile; fileRef = C3BC5A3D1656B772002DA837 /* Default.png */; };
		C3BC5A401656B772002DA837 /* Default@2x.png in Resources */ = {isa = PBXBuildFile; fileRef = C3BC5A3F1656B772002DA837 /* Default@2x.png */; };
		C3BC5A421656B772002DA837 /* Default-568h@2x.png in Resources */ = {isa = PBXBuildFile; fileRef = C3BC5A411656B772002DA837 /* Default-568h@2x.png */; };
		C3BC5A991656B959002DA837 /* PLPlaylistViewController.m in Sources */ = {isa = PBXBuildFile; fileRef = C3BC5A971656B959002DA837 /* PLPlaylistViewController.m */; };
		C3BC5A9A1656B959002DA837 /* PLPlaylistViewController.xib in Resources */ = {isa = PBXBuildFile; fileRef = C3BC5A981656B959002DA837 /* PLPlaylistViewController.xib */; };
		C3BC5AAB1656C23A002DA837 /* list.png in Resources */ = {isa = PBXBuildFile; fileRef = C3BC5AAA1656C23A002DA837 /* list.png */; };
		C3BC5AB21656C284002DA837 /* PLPlayerViewController.m in Sources */ = {isa = PBXBuildFile; fileRef = C3BC5AB01656C284002DA837 /* PLPlayerViewController.m */; };
		C3BC5AB31656C284002DA837 /* PLPlayerViewController.xib in Resources */ = {isa = PBXBuildFile; fileRef = C3BC5AB11656C284002DA837 /* PLPlayerViewController.xib */; };
		C3BC5AB51656C2D7002DA837 /* music.png in Resources */ = {isa = PBXBuildFile; fileRef = C3BC5AB41656C2D7002DA837 /* music.png */; };
		C3BC5AB71656C480002DA837 /* settings.png in Resources */ = {isa = PBXBuildFile; fileRef = C3BC5AB61656C480002DA837 /* settings.png */; };
		C3BC5AB91656C4D8002DA837 /* bookmark.png in Resources */ = {isa = PBXBuildFile; fileRef = C3BC5AB81656C4D8002DA837 /* bookmark.png */; };
		C3BC5ABD1656C4E7002DA837 /* PLBookmarksViewController.m in Sources */ = {isa = PBXBuildFile; fileRef = C3BC5ABB1656C4E7002DA837 /* PLBookmarksViewController.m */; };
		C3BC5ABE1656C4E7002DA837 /* PLBookmarksViewController.xib in Resources */ = {isa = PBXBuildFile; fileRef = C3BC5ABC1656C4E7002DA837 /* PLBookmarksViewController.xib */; };
		C3BC5AC21656C4EF002DA837 /* PLSettingsViewController.m in Sources */ = {isa = PBXBuildFile; fileRef = C3BC5AC01656C4EF002DA837 /* PLSettingsViewController.m */; };
		C3BC5AC31656C4EF002DA837 /* PLSettingsViewController.xib in Resources */ = {isa = PBXBuildFile; fileRef = C3BC5AC11656C4EF002DA837 /* PLSettingsViewController.xib */; };
		C3BC5ACD1656C81C002DA837 /* Model.xcdatamodeld in Sources */ = {isa = PBXBuildFile; fileRef = C3BC5ACB1656C81C002DA837 /* Model.xcdatamodeld */; };
		C3BC5AD31656CA4D002DA837 /* PLBookmark.m in Sources */ = {isa = PBXBuildFile; fileRef = C3BC5AD21656CA4D002DA837 /* PLBookmark.m */; };
		C3BC5AD61656CA4E002DA837 /* PLPlaylist.m in Sources */ = {isa = PBXBuildFile; fileRef = C3BC5AD51656CA4E002DA837 /* PLPlaylist.m */; };
		C3BC5ADC1656CA4E002DA837 /* PLPlaylistSong.m in Sources */ = {isa = PBXBuildFile; fileRef = C3BC5ADB1656CA4E002DA837 /* PLPlaylistSong.m */; };
		C3BC5ADF1656CA73002DA837 /* PLCoreDataStack.m in Sources */ = {isa = PBXBuildFile; fileRef = C3BC5ADE1656CA73002DA837 /* PLCoreDataStack.m */; };
		C3BC5AE21656CACC002DA837 /* PLDataAccess.m in Sources */ = {isa = PBXBuildFile; fileRef = C3BC5AE11656CABF002DA837 /* PLDataAccess.m */; };
		C3BC5AE71656CC24002DA837 /* PLMigrationManager.m in Sources */ = {isa = PBXBuildFile; fileRef = C3BC5AE61656CC24002DA837 /* PLMigrationManager.m */; };
		C3BC5AEB1656CCC9002DA837 /* PLDefaultsManager.m in Sources */ = {isa = PBXBuildFile; fileRef = C3BC5AEA1656CCC9002DA837 /* PLDefaultsManager.m */; };
		C3BC5B011658DE07002DA837 /* PLAlerts.m in Sources */ = {isa = PBXBuildFile; fileRef = C3BC5B001658DE07002DA837 /* PLAlerts.m */; };
		C3BC5B041658E76A002DA837 /* NSString+Extensions.m in Sources */ = {isa = PBXBuildFile; fileRef = C3BC5B031658E76A002DA837 /* NSString+Extensions.m */; };
		C3BC5B0C1658FC0E002DA837 /* default_artwork.jpg in Resources */ = {isa = PBXBuildFile; fileRef = C3BC5B0B1658FC0E002DA837 /* default_artwork.jpg */; };
		C3BC5B0E1659002C002DA837 /* todo.txt in Resources */ = {isa = PBXBuildFile; fileRef = C3BC5B0D1659002C002DA837 /* todo.txt */; };
		C3BC5B14165912F6002DA837 /* PLPlayer.m in Sources */ = {isa = PBXBuildFile; fileRef = C3BC5B13165912F5002DA837 /* PLPlayer.m */; };
		C3BC5B20165921AD002DA837 /* SliderCell.xib in Resources */ = {isa = PBXBuildFile; fileRef = C3BC5B1F165921AD002DA837 /* SliderCell.xib */; };
		C3CC18B8191E43300026E681 /* Localizable.strings in Resources */ = {isa = PBXBuildFile; fileRef = C3CC18BA191E43300026E681 /* Localizable.strings */; };
		C3CC18BF191F60EC0026E681 /* MusicLibrary.storyboard in Resources */ = {isa = PBXBuildFile; fileRef = C3CC18BE191F60EC0026E681 /* MusicLibrary.storyboard */; };
		C3CC18C4191F65350026E681 /* PLMusicLibraryViewController.m in Sources */ = {isa = PBXBuildFile; fileRef = C3CC18C3191F65350026E681 /* PLMusicLibraryViewController.m */; };
		C3CC18C7191F73790026E681 /* PLTrackGroupViewController.m in Sources */ = {isa = PBXBuildFile; fileRef = C3CC18C6191F73790026E681 /* PLTrackGroupViewController.m */; };
		C3CC18CA191F7B850026E681 /* PLTrackGroupTableViewCell.m in Sources */ = {isa = PBXBuildFile; fileRef = C3CC18C9191F7B850026E681 /* PLTrackGroupTableViewCell.m */; };
		C3CC18CD191FABD30026E681 /* PLTracksViewController.m in Sources */ = {isa = PBXBuildFile; fileRef = C3CC18CC191FABD30026E681 /* PLTracksViewController.m */; };
		C3CC18D3191FC5990026E681 /* PLTrackTableViewCell.m in Sources */ = {isa = PBXBuildFile; fileRef = C3CC18D2191FC5990026E681 /* PLTrackTableViewCell.m */; };
		C3CC18D6191FC63E0026E681 /* PLTrackTableViewCellController.m in Sources */ = {isa = PBXBuildFile; fileRef = C3CC18D5191FC63E0026E681 /* PLTrackTableViewCellController.m */; };
		C3CC18DB19227CD30026E681 /* icon.png in Resources */ = {isa = PBXBuildFile; fileRef = C3CC18DA19227CD20026E681 /* icon.png */; };
		C3D1A65A16CFC337006D3E5F /* PLPlaylistSelectViewController.m in Sources */ = {isa = PBXBuildFile; fileRef = C3D1A65916CFC337006D3E5F /* PLPlaylistSelectViewController.m */; };
		C3F1A13518E83F6F00A82EAC /* Images.xcassets in Resources */ = {isa = PBXBuildFile; fileRef = C3F1A13418E83F6F00A82EAC /* Images.xcassets */; };
		C3F539F3195A047300409CC4 /* PLDownloadManager.m in Sources */ = {isa = PBXBuildFile; fileRef = C3F539F2195A047300409CC4 /* PLDownloadManager.m */; };
		C3FCEC2E16FF0AD3008CD497 /* PLPlaylistSongViewController.m in Sources */ = {isa = PBXBuildFile; fileRef = C3FCEC2D16FF0AD3008CD497 /* PLPlaylistSongViewController.m */; };
		C9C79EB53A7F4DF38B0DC6E7 /* libPods.a in Frameworks */ = {isa = PBXBuildFile; fileRef = 2F7BD0A371C24EA3853F30EA /* libPods.a */; };
/* End PBXBuildFile section */

/* Begin PBXFileReference section */
		2F7BD0A371C24EA3853F30EA /* libPods.a */ = {isa = PBXFileReference; explicitFileType = archive.ar; includeInIndex = 0; path = libPods.a; sourceTree = BUILT_PRODUCTS_DIR; };
		696C1046C87A0138396351B9 /* PLActivityView.m */ = {isa = PBXFileReference; fileEncoding = 4; lastKnownFileType = sourcecode.c.objc; path = PLActivityView.m; sourceTree = "<group>"; };
		696C107644FDE533B6B072AE /* PLDownloadURLActivity.h */ = {isa = PBXFileReference; fileEncoding = 4; lastKnownFileType = sourcecode.c.h; path = PLDownloadURLActivity.h; sourceTree = "<group>"; };
		696C1086BA744B3A005D70E6 /* PLBackgroundProcess+Protected.h */ = {isa = PBXFileReference; fileEncoding = 4; lastKnownFileType = sourcecode.c.h; path = "PLBackgroundProcess+Protected.h"; sourceTree = "<group>"; };
		696C11D9F715B1D1B05EE830 /* PLPlaylistSongsDelegate.h */ = {isa = PBXFileReference; fileEncoding = 4; lastKnownFileType = sourcecode.c.h; path = PLPlaylistSongsDelegate.h; sourceTree = "<group>"; };
		696C11DDCC4309F051FE8CCC /* PLRequestManager.h */ = {isa = PBXFileReference; fileEncoding = 4; lastKnownFileType = sourcecode.c.h; path = PLRequestManager.h; sourceTree = "<group>"; };
		696C1208975D1BCA891A80BA /* PLColors.h */ = {isa = PBXFileReference; fileEncoding = 4; lastKnownFileType = sourcecode.c.h; path = PLColors.h; sourceTree = "<group>"; };
		696C1239863912CEC9BDB652 /* PLImageCache.m */ = {isa = PBXFileReference; fileEncoding = 4; lastKnownFileType = sourcecode.c.objc; path = PLImageCache.m; sourceTree = "<group>"; };
		696C123B1E65E488D94DD4A8 /* PLDownloadFromDropboxActivity.m */ = {isa = PBXFileReference; fileEncoding = 4; lastKnownFileType = sourcecode.c.objc; path = PLDownloadFromDropboxActivity.m; sourceTree = "<group>"; };
		696C125EC4796E70CFB25276 /* PLMediaLibrarySearch.h */ = {isa = PBXFileReference; fileEncoding = 4; lastKnownFileType = sourcecode.c.h; path = PLMediaLibrarySearch.h; sourceTree = "<group>"; };
		696C12C5B79AE1DFA667B290 /* PLDownloadFromGDriveActivity.h */ = {isa = PBXFileReference; fileEncoding = 4; lastKnownFileType = sourcecode.c.h; path = PLDownloadFromGDriveActivity.h; sourceTree = "<group>"; };
		696C12C9DF1F34B0D5963EEC /* UIViewController+PLErrorExtensions.m */ = {isa = PBXFileReference; fileEncoding = 4; lastKnownFileType = sourcecode.c.objc; path = "UIViewController+PLErrorExtensions.m"; sourceTree = "<group>"; };
		696C12E93800D96F5AFEE66A /* PLPlaylistSongCellModelView.h */ = {isa = PBXFileReference; fileEncoding = 4; lastKnownFileType = sourcecode.c.h; path = PLPlaylistSongCellModelView.h; sourceTree = "<group>"; };
		696C12FAB54495AF46A2A951 /* PLErrorManager.m */ = {isa = PBXFileReference; fileEncoding = 4; lastKnownFileType = sourcecode.c.objc; path = PLErrorManager.m; sourceTree = "<group>"; };
		696C133478AB46FE4BED85EF /* NSArray+PLExtensions.m */ = {isa = PBXFileReference; fileEncoding = 4; lastKnownFileType = sourcecode.c.objc; path = "NSArray+PLExtensions.m"; sourceTree = "<group>"; };
		696C134AABF2AE3C703232D6 /* PLConstraints.m */ = {isa = PBXFileReference; fileEncoding = 4; lastKnownFileType = sourcecode.c.objc; path = PLConstraints.m; sourceTree = "<group>"; };
		696C13B5A2362071AD1BB2C0 /* PLMediaMirror.m */ = {isa = PBXFileReference; fileEncoding = 4; lastKnownFileType = sourcecode.c.objc; path = PLMediaMirror.m; sourceTree = "<group>"; };
		696C13BD9719AB7EEEAD952D /* PLLogging.h */ = {isa = PBXFileReference; fileEncoding = 4; lastKnownFileType = sourcecode.c.h; path = PLLogging.h; sourceTree = "<group>"; };
		696C13D5FB1650B68AA732BC /* PLLegacySongTableViewCell.h */ = {isa = PBXFileReference; fileEncoding = 4; lastKnownFileType = sourcecode.c.h; path = PLLegacySongTableViewCell.h; sourceTree = "<group>"; };
		696C13ED65045480BDB66BE0 /* PLActivity.h */ = {isa = PBXFileReference; fileEncoding = 4; lastKnownFileType = sourcecode.c.h; path = PLActivity.h; sourceTree = "<group>"; };
		696C1414B69DC381029EE20D /* PLBackgroundProcessProgress.h */ = {isa = PBXFileReference; fileEncoding = 4; lastKnownFileType = sourcecode.c.h; path = PLBackgroundProcessProgress.h; sourceTree = "<group>"; };
		696C142E583BE71A04DC1AD3 /* PLRequestOptions.h */ = {isa = PBXFileReference; fileEncoding = 4; lastKnownFileType = sourcecode.c.h; path = PLRequestOptions.h; sourceTree = "<group>"; };
		696C143FEC9667A8B106C5AE /* PLFileSharingActivity.m */ = {isa = PBXFileReference; fileEncoding = 4; lastKnownFileType = sourcecode.c.objc; path = PLFileSharingActivity.m; sourceTree = "<group>"; };
		696C14419B3F9D0681D046BE /* RXPromise+PLExtensions.h */ = {isa = PBXFileReference; fileEncoding = 4; lastKnownFileType = sourcecode.c.h; path = "RXPromise+PLExtensions.h"; sourceTree = "<group>"; };
		696C146AEE2E2953E78DFD15 /* PLDownloadPodcastActivity.m */ = {isa = PBXFileReference; fileEncoding = 4; lastKnownFileType = sourcecode.c.objc; path = PLDownloadPodcastActivity.m; sourceTree = "<group>"; };
		696C1500B3FE45191DAA56E0 /* PLCachedArtwork.m */ = {isa = PBXFileReference; fileEncoding = 4; lastKnownFileType = sourcecode.c.objc; path = PLCachedArtwork.m; sourceTree = "<group>"; };
		696C150BD38DBFE750DEEE04 /* PLBackgroundProcess.m */ = {isa = PBXFileReference; fileEncoding = 4; lastKnownFileType = sourcecode.c.objc; path = PLBackgroundProcess.m; sourceTree = "<group>"; };
		696C154AEE9EE86422D272E3 /* PLEntity.h */ = {isa = PBXFileReference; fileEncoding = 4; lastKnownFileType = sourcecode.c.h; path = PLEntity.h; sourceTree = "<group>"; };
		696C154DBBACAD9E008A4737 /* PLImportActivityViewController.h */ = {isa = PBXFileReference; fileEncoding = 4; lastKnownFileType = sourcecode.c.h; path = PLImportActivityViewController.h; sourceTree = "<group>"; };
		696C160375147E63C52A1806 /* PLRequestManager.m */ = {isa = PBXFileReference; fileEncoding = 4; lastKnownFileType = sourcecode.c.objc; path = PLRequestManager.m; sourceTree = "<group>"; };
		696C16A4D226E0A5EC204C36 /* PLErrorManager.h */ = {isa = PBXFileReference; fileEncoding = 4; lastKnownFileType = sourcecode.c.h; path = PLErrorManager.h; sourceTree = "<group>"; };
		696C16B1CAB1C03543A4485C /* PLDownloadPodcastActivity.h */ = {isa = PBXFileReference; fileEncoding = 4; lastKnownFileType = sourcecode.c.h; path = PLDownloadPodcastActivity.h; sourceTree = "<group>"; };
		696C1721722D6B0C3765AAA1 /* UIViewController+PLErrorExtensions.h */ = {isa = PBXFileReference; fileEncoding = 4; lastKnownFileType = sourcecode.c.h; path = "UIViewController+PLErrorExtensions.h"; sourceTree = "<group>"; };
		696C1729AD0F641AC0C9D8FF /* PLRequestOptions.m */ = {isa = PBXFileReference; fileEncoding = 4; lastKnownFileType = sourcecode.c.objc; path = PLRequestOptions.m; sourceTree = "<group>"; };
		696C173E18677F6CD43519DF /* PLTrackGroupCellModelView.m */ = {isa = PBXFileReference; fileEncoding = 4; lastKnownFileType = sourcecode.c.objc; path = PLTrackGroupCellModelView.m; sourceTree = "<group>"; };
		696C17D4D4786869DE5A11A7 /* PLButton.h */ = {isa = PBXFileReference; fileEncoding = 4; lastKnownFileType = sourcecode.c.h; path = PLButton.h; sourceTree = "<group>"; };
		696C17D6C827B6995026B0FA /* PLLegacySongTableViewCell.m */ = {isa = PBXFileReference; fileEncoding = 4; lastKnownFileType = sourcecode.c.objc; path = PLLegacySongTableViewCell.m; sourceTree = "<group>"; };
		696C182AEF78B538772A01FD /* PLUtils.m */ = {isa = PBXFileReference; fileEncoding = 4; lastKnownFileType = sourcecode.c.objc; path = PLUtils.m; sourceTree = "<group>"; };
		696C18A46ED3C43F5DF25C0F /* PLSelectFromMusicLibraryActivity.h */ = {isa = PBXFileReference; fileEncoding = 4; lastKnownFileType = sourcecode.c.h; path = PLSelectFromMusicLibraryActivity.h; sourceTree = "<group>"; };
		696C1931BF56608A412ACF33 /* NSString+PLExtensions.h */ = {isa = PBXFileReference; fileEncoding = 4; lastKnownFileType = sourcecode.c.h; path = "NSString+PLExtensions.h"; sourceTree = "<group>"; };
		696C19563B0CAE9008642F75 /* PLMediaItemTrackGroup.h */ = {isa = PBXFileReference; fileEncoding = 4; lastKnownFileType = sourcecode.c.h; path = PLMediaItemTrackGroup.h; sourceTree = "<group>"; };
		696C1960628953871BEA02C3 /* UIView+PLExtensions.h */ = {isa = PBXFileReference; fileEncoding = 4; lastKnownFileType = sourcecode.c.h; path = "UIView+PLExtensions.h"; sourceTree = "<group>"; };
		696C19A6848C7EB377AF58C5 /* PLLogging.m */ = {isa = PBXFileReference; fileEncoding = 4; lastKnownFileType = sourcecode.c.objc; path = PLLogging.m; sourceTree = "<group>"; };
		696C19B02B8C2610D58EAA58 /* PLCachedArtwork.h */ = {isa = PBXFileReference; fileEncoding = 4; lastKnownFileType = sourcecode.c.h; path = PLCachedArtwork.h; sourceTree = "<group>"; };
		696C1A1B2AD9708890647B5D /* PLMediaLibrarySearch.m */ = {isa = PBXFileReference; fileEncoding = 4; lastKnownFileType = sourcecode.c.objc; path = PLMediaLibrarySearch.m; sourceTree = "<group>"; };
		696C1A380A19FBA5F3A9D4E3 /* PLSelectFromMusicLibraryActivity.m */ = {isa = PBXFileReference; fileEncoding = 4; lastKnownFileType = sourcecode.c.objc; path = PLSelectFromMusicLibraryActivity.m; sourceTree = "<group>"; };
		696C1A801C481849E5EC42B5 /* PLMediaItemTrack.h */ = {isa = PBXFileReference; fileEncoding = 4; lastKnownFileType = sourcecode.c.h; path = PLMediaItemTrack.h; sourceTree = "<group>"; };
		696C1A8B85B56C770FB7BEC0 /* PLDownloadFromICloudActivity.m */ = {isa = PBXFileReference; fileEncoding = 4; lastKnownFileType = sourcecode.c.objc; path = PLDownloadFromICloudActivity.m; sourceTree = "<group>"; };
		696C1AA53C9864939BB01191 /* PLImageCache.h */ = {isa = PBXFileReference; fileEncoding = 4; lastKnownFileType = sourcecode.c.h; path = PLImageCache.h; sourceTree = "<group>"; };
		696C1AD27942A80B8A9896C5 /* PLDownloadURLActivity.m */ = {isa = PBXFileReference; fileEncoding = 4; lastKnownFileType = sourcecode.c.objc; path = PLDownloadURLActivity.m; sourceTree = "<group>"; };
		696C1ADA62259499028F9F4B /* PLUtils.h */ = {isa = PBXFileReference; fileEncoding = 4; lastKnownFileType = sourcecode.c.h; path = PLUtils.h; sourceTree = "<group>"; };
		696C1AEEA078C2AEA6CA16D1 /* UIView+PLExtensions.m */ = {isa = PBXFileReference; fileEncoding = 4; lastKnownFileType = sourcecode.c.objc; path = "UIView+PLExtensions.m"; sourceTree = "<group>"; };
		696C1B64873859724C208B95 /* PLPlaylistSongCellModelView.m */ = {isa = PBXFileReference; fileEncoding = 4; lastKnownFileType = sourcecode.c.objc; path = PLPlaylistSongCellModelView.m; sourceTree = "<group>"; };
		696C1B78075493A42466C4A8 /* NSString+PLExtensions.m */ = {isa = PBXFileReference; fileEncoding = 4; lastKnownFileType = sourcecode.c.objc; path = "NSString+PLExtensions.m"; sourceTree = "<group>"; };
		696C1BC84EFF2E07F8CE0D8D /* PLConstraints.h */ = {isa = PBXFileReference; fileEncoding = 4; lastKnownFileType = sourcecode.c.h; path = PLConstraints.h; sourceTree = "<group>"; };
		696C1BF13C7BEFF1865E8C4A /* PLPlaylistSongsDelegate.m */ = {isa = PBXFileReference; fileEncoding = 4; lastKnownFileType = sourcecode.c.objc; path = PLPlaylistSongsDelegate.m; sourceTree = "<group>"; };
		696C1C1CFEA94557045A202E /* PLActivityViewController.m */ = {isa = PBXFileReference; fileEncoding = 4; lastKnownFileType = sourcecode.c.objc; path = PLActivityViewController.m; sourceTree = "<group>"; };
		696C1CE67D437458210D2DE2 /* PLButton.m */ = {isa = PBXFileReference; fileEncoding = 4; lastKnownFileType = sourcecode.c.objc; path = PLButton.m; sourceTree = "<group>"; };
		696C1D4C6FF0251EBF444798 /* PLDownloadFromGDriveActivity.m */ = {isa = PBXFileReference; fileEncoding = 4; lastKnownFileType = sourcecode.c.objc; path = PLDownloadFromGDriveActivity.m; sourceTree = "<group>"; };
		696C1DAFDDBB4DBE1F7CD47C /* PLBackgroundProcess.h */ = {isa = PBXFileReference; fileEncoding = 4; lastKnownFileType = sourcecode.c.h; path = PLBackgroundProcess.h; sourceTree = "<group>"; };
		696C1DE1EB61A8AB868243D1 /* PLActivityView.h */ = {isa = PBXFileReference; fileEncoding = 4; lastKnownFileType = sourcecode.c.h; path = PLActivityView.h; sourceTree = "<group>"; };
		696C1DE33AAD9B681D2E03F9 /* NSObject+PLExtensions.m */ = {isa = PBXFileReference; fileEncoding = 4; lastKnownFileType = sourcecode.c.objc; path = "NSObject+PLExtensions.m"; sourceTree = "<group>"; };
		696C1DE8F8BEEAD9D85A9DAC /* NSArray+PLExtensions.h */ = {isa = PBXFileReference; fileEncoding = 4; lastKnownFileType = sourcecode.c.h; path = "NSArray+PLExtensions.h"; sourceTree = "<group>"; };
		696C1DFF03B12814A6C12B05 /* PLTrackGroupCellModelView.h */ = {isa = PBXFileReference; fileEncoding = 4; lastKnownFileType = sourcecode.c.h; path = PLTrackGroupCellModelView.h; sourceTree = "<group>"; };
		696C1E25BD897DECFEAFAE74 /* PLDownloadFromDropboxActivity.h */ = {isa = PBXFileReference; fileEncoding = 4; lastKnownFileType = sourcecode.c.h; path = PLDownloadFromDropboxActivity.h; sourceTree = "<group>"; };
		696C1E69820AF0DDE12F4252 /* PLEntity.m */ = {isa = PBXFileReference; fileEncoding = 4; lastKnownFileType = sourcecode.c.objc; path = PLEntity.m; sourceTree = "<group>"; };
		696C1E7C20B9B213E7843DEF /* PLFileSharingActivity.h */ = {isa = PBXFileReference; fileEncoding = 4; lastKnownFileType = sourcecode.c.h; path = PLFileSharingActivity.h; sourceTree = "<group>"; };
		696C1EADB9F92F456BBFD2EE /* NSObject+PLExtensions.h */ = {isa = PBXFileReference; fileEncoding = 4; lastKnownFileType = sourcecode.c.h; path = "NSObject+PLExtensions.h"; sourceTree = "<group>"; };
		696C1EE652F22078B91B6C56 /* PLDownloadFromICloudActivity.h */ = {isa = PBXFileReference; fileEncoding = 4; lastKnownFileType = sourcecode.c.h; path = PLDownloadFromICloudActivity.h; sourceTree = "<group>"; };
		696C1EEB72AA7536F82ED55D /* PLMediaItemTrack.m */ = {isa = PBXFileReference; fileEncoding = 4; lastKnownFileType = sourcecode.c.objc; path = PLMediaItemTrack.m; sourceTree = "<group>"; };
		696C1F2107FF194F73B00CA7 /* PLMediaItemTrackGroup.m */ = {isa = PBXFileReference; fileEncoding = 4; lastKnownFileType = sourcecode.c.objc; path = PLMediaItemTrackGroup.m; sourceTree = "<group>"; };
		696C1F36F1EB35D1A794B4FE /* PLColors.m */ = {isa = PBXFileReference; fileEncoding = 4; lastKnownFileType = sourcecode.c.objc; path = PLColors.m; sourceTree = "<group>"; };
		696C1F6362232CF71408E756 /* PLBackgroundProcessProgress.m */ = {isa = PBXFileReference; fileEncoding = 4; lastKnownFileType = sourcecode.c.objc; path = PLBackgroundProcessProgress.m; sourceTree = "<group>"; };
		696C1F806E065E1941BA78DA /* RXPromise+PLExtensions.m */ = {isa = PBXFileReference; fileEncoding = 4; lastKnownFileType = sourcecode.c.objc; path = "RXPromise+PLExtensions.m"; sourceTree = "<group>"; };
		696C1F83AD3337B20894E1D9 /* PLPromise.m */ = {isa = PBXFileReference; fileEncoding = 4; lastKnownFileType = sourcecode.c.objc; path = PLPromise.m; sourceTree = "<group>"; };
		696C1F9572FADDE6894E30E4 /* PLPromise.h */ = {isa = PBXFileReference; fileEncoding = 4; lastKnownFileType = sourcecode.c.h; path = PLPromise.h; sourceTree = "<group>"; };
		696C1FC517E0B1E486397B42 /* PLActivityViewController.h */ = {isa = PBXFileReference; fileEncoding = 4; lastKnownFileType = sourcecode.c.h; path = PLActivityViewController.h; sourceTree = "<group>"; };
		696C1FE29357EB7961765F29 /* PLMediaMirror.h */ = {isa = PBXFileReference; fileEncoding = 4; lastKnownFileType = sourcecode.c.h; path = PLMediaMirror.h; sourceTree = "<group>"; };
		696C1FE69CD877A0A21E876F /* PLImportActivityViewController.m */ = {isa = PBXFileReference; fileEncoding = 4; lastKnownFileType = sourcecode.c.objc; path = PLImportActivityViewController.m; sourceTree = "<group>"; };
		C3437568166BE531006EC87D /* jbl_confirm.mp3 */ = {isa = PBXFileReference; lastKnownFileType = audio.mp3; path = jbl_confirm.mp3; sourceTree = "<group>"; };
		C343756A166BE5ED006EC87D /* jbl_confirm.caf */ = {isa = PBXFileReference; lastKnownFileType = file; path = jbl_confirm.caf; sourceTree = "<group>"; };
		C343756C166BE661006EC87D /* jbl_confirm.aiff */ = {isa = PBXFileReference; lastKnownFileType = audio.aiff; path = jbl_confirm.aiff; sourceTree = "<group>"; };
		C354484E165922C80083D703 /* SliderCell.h */ = {isa = PBXFileReference; fileEncoding = 4; lastKnownFileType = sourcecode.c.h; path = SliderCell.h; sourceTree = "<group>"; };
		C354484F165922C80083D703 /* SliderCell.m */ = {isa = PBXFileReference; fileEncoding = 4; lastKnownFileType = sourcecode.c.objc; path = SliderCell.m; sourceTree = "<group>"; };
		C378CD74194C505A001D0593 /* PLMainUI.h */ = {isa = PBXFileReference; fileEncoding = 4; lastKnownFileType = sourcecode.c.h; path = PLMainUI.h; sourceTree = "<group>"; };
		C378CD75194C505A001D0593 /* PLMainUI.m */ = {isa = PBXFileReference; fileEncoding = 4; lastKnownFileType = sourcecode.c.objc; path = PLMainUI.m; sourceTree = "<group>"; };
		C378CD77194C51D5001D0593 /* Main.storyboard */ = {isa = PBXFileReference; fileEncoding = 4; lastKnownFileType = file.storyboard; path = Main.storyboard; sourceTree = "<group>"; };
		C378CD7A194C52A6001D0593 /* PLMainViewController.h */ = {isa = PBXFileReference; fileEncoding = 4; lastKnownFileType = sourcecode.c.h; path = PLMainViewController.h; sourceTree = "<group>"; };
		C378CD7B194C52A6001D0593 /* PLMainViewController.m */ = {isa = PBXFileReference; fileEncoding = 4; lastKnownFileType = sourcecode.c.objc; path = PLMainViewController.m; sourceTree = "<group>"; };
		C378CD7E194C61CF001D0593 /* PLPlaylistSongCell.h */ = {isa = PBXFileReference; fileEncoding = 4; lastKnownFileType = sourcecode.c.h; path = PLPlaylistSongCell.h; sourceTree = "<group>"; };
		C378CD7F194C61CF001D0593 /* PLPlaylistSongCell.m */ = {isa = PBXFileReference; fileEncoding = 4; lastKnownFileType = sourcecode.c.objc; path = PLPlaylistSongCell.m; sourceTree = "<group>"; };
		C3840099193879E600D6A930 /* PLTrack.h */ = {isa = PBXFileReference; fileEncoding = 4; lastKnownFileType = sourcecode.c.h; path = PLTrack.h; sourceTree = "<group>"; };
		C384009A193879E600D6A930 /* PLTrack.m */ = {isa = PBXFileReference; fileEncoding = 4; lastKnownFileType = sourcecode.c.objc; path = PLTrack.m; sourceTree = "<group>"; };
		C3A4D67A193E40320060B704 /* PLFileImport.h */ = {isa = PBXFileReference; fileEncoding = 4; lastKnownFileType = sourcecode.c.h; path = PLFileImport.h; sourceTree = "<group>"; };
		C3A4D67B193E40320060B704 /* PLFileImport.m */ = {isa = PBXFileReference; fileEncoding = 4; lastKnownFileType = sourcecode.c.objc; path = PLFileImport.m; sourceTree = "<group>"; };
		C3A4D67D19433F1C0060B704 /* PLTableViewProgress.h */ = {isa = PBXFileReference; fileEncoding = 4; lastKnownFileType = sourcecode.c.h; path = PLTableViewProgress.h; sourceTree = "<group>"; };
		C3A4D67E19433F1C0060B704 /* PLTableViewProgress.m */ = {isa = PBXFileReference; fileEncoding = 4; lastKnownFileType = sourcecode.c.objc; path = PLTableViewProgress.m; sourceTree = "<group>"; };
		C3A4D680194343570060B704 /* PLProgressTableViewCell.h */ = {isa = PBXFileReference; fileEncoding = 4; lastKnownFileType = sourcecode.c.h; path = PLProgressTableViewCell.h; sourceTree = "<group>"; };
		C3A4D681194343570060B704 /* PLProgressTableViewCell.m */ = {isa = PBXFileReference; fileEncoding = 4; lastKnownFileType = sourcecode.c.objc; path = PLProgressTableViewCell.m; sourceTree = "<group>"; };
		C3BC5A271656B772002DA837 /* Baladeur.app */ = {isa = PBXFileReference; explicitFileType = wrapper.application; includeInIndex = 0; path = Baladeur.app; sourceTree = BUILT_PRODUCTS_DIR; };
		C3BC5A331656B772002DA837 /* Player-Info.plist */ = {isa = PBXFileReference; lastKnownFileType = text.plist.xml; path = "Player-Info.plist"; sourceTree = "<group>"; };
		C3BC5A351656B772002DA837 /* en */ = {isa = PBXFileReference; lastKnownFileType = text.plist.strings; name = en; path = en.lproj/InfoPlist.strings; sourceTree = "<group>"; };
		C3BC5A371656B772002DA837 /* main.m */ = {isa = PBXFileReference; lastKnownFileType = sourcecode.c.objc; path = main.m; sourceTree = "<group>"; };
		C3BC5A391656B772002DA837 /* Player-Prefix.pch */ = {isa = PBXFileReference; lastKnownFileType = sourcecode.c.h; path = "Player-Prefix.pch"; sourceTree = "<group>"; };
		C3BC5A3A1656B772002DA837 /* PLAppDelegate.h */ = {isa = PBXFileReference; lastKnownFileType = sourcecode.c.h; path = PLAppDelegate.h; sourceTree = "<group>"; };
		C3BC5A3B1656B772002DA837 /* PLAppDelegate.m */ = {isa = PBXFileReference; lastKnownFileType = sourcecode.c.objc; path = PLAppDelegate.m; sourceTree = "<group>"; };
		C3BC5A3D1656B772002DA837 /* Default.png */ = {isa = PBXFileReference; lastKnownFileType = image.png; path = Default.png; sourceTree = "<group>"; };
		C3BC5A3F1656B772002DA837 /* Default@2x.png */ = {isa = PBXFileReference; lastKnownFileType = image.png; path = "Default@2x.png"; sourceTree = "<group>"; };
		C3BC5A411656B772002DA837 /* Default-568h@2x.png */ = {isa = PBXFileReference; lastKnownFileType = image.png; path = "Default-568h@2x.png"; sourceTree = "<group>"; };
		C3BC5A961656B958002DA837 /* PLPlaylistViewController.h */ = {isa = PBXFileReference; fileEncoding = 4; lastKnownFileType = sourcecode.c.h; path = PLPlaylistViewController.h; sourceTree = "<group>"; };
		C3BC5A971656B959002DA837 /* PLPlaylistViewController.m */ = {isa = PBXFileReference; fileEncoding = 4; lastKnownFileType = sourcecode.c.objc; path = PLPlaylistViewController.m; sourceTree = "<group>"; };
		C3BC5A981656B959002DA837 /* PLPlaylistViewController.xib */ = {isa = PBXFileReference; fileEncoding = 4; lastKnownFileType = file.xib; path = PLPlaylistViewController.xib; sourceTree = "<group>"; };
		C3BC5AAA1656C23A002DA837 /* list.png */ = {isa = PBXFileReference; lastKnownFileType = image.png; path = list.png; sourceTree = "<group>"; };
		C3BC5AAF1656C284002DA837 /* PLPlayerViewController.h */ = {isa = PBXFileReference; fileEncoding = 4; lastKnownFileType = sourcecode.c.h; path = PLPlayerViewController.h; sourceTree = "<group>"; };
		C3BC5AB01656C284002DA837 /* PLPlayerViewController.m */ = {isa = PBXFileReference; fileEncoding = 4; lastKnownFileType = sourcecode.c.objc; path = PLPlayerViewController.m; sourceTree = "<group>"; };
		C3BC5AB11656C284002DA837 /* PLPlayerViewController.xib */ = {isa = PBXFileReference; fileEncoding = 4; lastKnownFileType = file.xib; path = PLPlayerViewController.xib; sourceTree = "<group>"; };
		C3BC5AB41656C2D7002DA837 /* music.png */ = {isa = PBXFileReference; lastKnownFileType = image.png; path = music.png; sourceTree = "<group>"; };
		C3BC5AB61656C480002DA837 /* settings.png */ = {isa = PBXFileReference; lastKnownFileType = image.png; path = settings.png; sourceTree = "<group>"; };
		C3BC5AB81656C4D8002DA837 /* bookmark.png */ = {isa = PBXFileReference; lastKnownFileType = image.png; path = bookmark.png; sourceTree = "<group>"; };
		C3BC5ABA1656C4E7002DA837 /* PLBookmarksViewController.h */ = {isa = PBXFileReference; fileEncoding = 4; lastKnownFileType = sourcecode.c.h; path = PLBookmarksViewController.h; sourceTree = "<group>"; };
		C3BC5ABB1656C4E7002DA837 /* PLBookmarksViewController.m */ = {isa = PBXFileReference; fileEncoding = 4; lastKnownFileType = sourcecode.c.objc; path = PLBookmarksViewController.m; sourceTree = "<group>"; };
		C3BC5ABC1656C4E7002DA837 /* PLBookmarksViewController.xib */ = {isa = PBXFileReference; fileEncoding = 4; lastKnownFileType = file.xib; path = PLBookmarksViewController.xib; sourceTree = "<group>"; };
		C3BC5ABF1656C4EF002DA837 /* PLSettingsViewController.h */ = {isa = PBXFileReference; fileEncoding = 4; lastKnownFileType = sourcecode.c.h; path = PLSettingsViewController.h; sourceTree = "<group>"; };
		C3BC5AC01656C4EF002DA837 /* PLSettingsViewController.m */ = {isa = PBXFileReference; fileEncoding = 4; lastKnownFileType = sourcecode.c.objc; path = PLSettingsViewController.m; sourceTree = "<group>"; };
		C3BC5AC11656C4EF002DA837 /* PLSettingsViewController.xib */ = {isa = PBXFileReference; fileEncoding = 4; lastKnownFileType = file.xib; path = PLSettingsViewController.xib; sourceTree = "<group>"; };
		C3BC5ACC1656C81C002DA837 /* Model.xcdatamodel */ = {isa = PBXFileReference; lastKnownFileType = wrapper.xcdatamodel; path = Model.xcdatamodel; sourceTree = "<group>"; };
		C3BC5AD11656CA4D002DA837 /* PLBookmark.h */ = {isa = PBXFileReference; fileEncoding = 4; lastKnownFileType = sourcecode.c.h; path = PLBookmark.h; sourceTree = "<group>"; };
		C3BC5AD21656CA4D002DA837 /* PLBookmark.m */ = {isa = PBXFileReference; fileEncoding = 4; lastKnownFileType = sourcecode.c.objc; path = PLBookmark.m; sourceTree = "<group>"; };
		C3BC5AD41656CA4E002DA837 /* PLPlaylist.h */ = {isa = PBXFileReference; fileEncoding = 4; lastKnownFileType = sourcecode.c.h; path = PLPlaylist.h; sourceTree = "<group>"; };
		C3BC5AD51656CA4E002DA837 /* PLPlaylist.m */ = {isa = PBXFileReference; fileEncoding = 4; lastKnownFileType = sourcecode.c.objc; path = PLPlaylist.m; sourceTree = "<group>"; };
		C3BC5ADA1656CA4E002DA837 /* PLPlaylistSong.h */ = {isa = PBXFileReference; fileEncoding = 4; lastKnownFileType = sourcecode.c.h; path = PLPlaylistSong.h; sourceTree = "<group>"; };
		C3BC5ADB1656CA4E002DA837 /* PLPlaylistSong.m */ = {isa = PBXFileReference; fileEncoding = 4; lastKnownFileType = sourcecode.c.objc; path = PLPlaylistSong.m; sourceTree = "<group>"; };
		C3BC5ADD1656CA73002DA837 /* PLCoreDataStack.h */ = {isa = PBXFileReference; fileEncoding = 4; lastKnownFileType = sourcecode.c.h; path = PLCoreDataStack.h; sourceTree = "<group>"; };
		C3BC5ADE1656CA73002DA837 /* PLCoreDataStack.m */ = {isa = PBXFileReference; fileEncoding = 4; lastKnownFileType = sourcecode.c.objc; path = PLCoreDataStack.m; sourceTree = "<group>"; };
		C3BC5AE01656CABF002DA837 /* PLDataAccess.h */ = {isa = PBXFileReference; lastKnownFileType = sourcecode.c.h; path = PLDataAccess.h; sourceTree = "<group>"; };
		C3BC5AE11656CABF002DA837 /* PLDataAccess.m */ = {isa = PBXFileReference; lastKnownFileType = sourcecode.c.objc; path = PLDataAccess.m; sourceTree = "<group>"; };
		C3BC5AE51656CC24002DA837 /* PLMigrationManager.h */ = {isa = PBXFileReference; fileEncoding = 4; lastKnownFileType = sourcecode.c.h; path = PLMigrationManager.h; sourceTree = "<group>"; };
		C3BC5AE61656CC24002DA837 /* PLMigrationManager.m */ = {isa = PBXFileReference; fileEncoding = 4; lastKnownFileType = sourcecode.c.objc; path = PLMigrationManager.m; sourceTree = "<group>"; };
		C3BC5AE91656CCC9002DA837 /* PLDefaultsManager.h */ = {isa = PBXFileReference; fileEncoding = 4; lastKnownFileType = sourcecode.c.h; path = PLDefaultsManager.h; sourceTree = "<group>"; };
		C3BC5AEA1656CCC9002DA837 /* PLDefaultsManager.m */ = {isa = PBXFileReference; fileEncoding = 4; lastKnownFileType = sourcecode.c.objc; path = PLDefaultsManager.m; sourceTree = "<group>"; };
		C3BC5AFF1658DE07002DA837 /* PLAlerts.h */ = {isa = PBXFileReference; fileEncoding = 4; lastKnownFileType = sourcecode.c.h; path = PLAlerts.h; sourceTree = "<group>"; };
		C3BC5B001658DE07002DA837 /* PLAlerts.m */ = {isa = PBXFileReference; fileEncoding = 4; lastKnownFileType = sourcecode.c.objc; path = PLAlerts.m; sourceTree = "<group>"; };
		C3BC5B021658E76A002DA837 /* NSString+Extensions.h */ = {isa = PBXFileReference; fileEncoding = 4; lastKnownFileType = sourcecode.c.h; path = "NSString+Extensions.h"; sourceTree = "<group>"; };
		C3BC5B031658E76A002DA837 /* NSString+Extensions.m */ = {isa = PBXFileReference; fileEncoding = 4; lastKnownFileType = sourcecode.c.objc; path = "NSString+Extensions.m"; sourceTree = "<group>"; };
		C3BC5B0B1658FC0E002DA837 /* default_artwork.jpg */ = {isa = PBXFileReference; lastKnownFileType = image.jpeg; path = default_artwork.jpg; sourceTree = "<group>"; };
		C3BC5B0D1659002C002DA837 /* todo.txt */ = {isa = PBXFileReference; fileEncoding = 4; lastKnownFileType = text; path = todo.txt; sourceTree = "<group>"; };
		C3BC5B12165912F4002DA837 /* PLPlayer.h */ = {isa = PBXFileReference; fileEncoding = 4; lastKnownFileType = sourcecode.c.h; path = PLPlayer.h; sourceTree = "<group>"; };
		C3BC5B13165912F5002DA837 /* PLPlayer.m */ = {isa = PBXFileReference; fileEncoding = 4; lastKnownFileType = sourcecode.c.objc; path = PLPlayer.m; sourceTree = "<group>"; };
		C3BC5B1F165921AD002DA837 /* SliderCell.xib */ = {isa = PBXFileReference; fileEncoding = 4; lastKnownFileType = file.xib; path = SliderCell.xib; sourceTree = "<group>"; };
		C3CC18B9191E43300026E681 /* en */ = {isa = PBXFileReference; lastKnownFileType = text.plist.strings; name = en; path = en.lproj/Localizable.strings; sourceTree = "<group>"; };
		C3CC18BB191E43820026E681 /* de */ = {isa = PBXFileReference; lastKnownFileType = text.plist.strings; name = de; path = de.lproj/Localizable.strings; sourceTree = "<group>"; };
		C3CC18BC191E43EC0026E681 /* sk */ = {isa = PBXFileReference; lastKnownFileType = text.plist.strings; name = sk; path = sk.lproj/Localizable.strings; sourceTree = "<group>"; };
		C3CC18BE191F60EC0026E681 /* MusicLibrary.storyboard */ = {isa = PBXFileReference; fileEncoding = 4; lastKnownFileType = file.storyboard; path = MusicLibrary.storyboard; sourceTree = "<group>"; };
		C3CC18C2191F65350026E681 /* PLMusicLibraryViewController.h */ = {isa = PBXFileReference; fileEncoding = 4; lastKnownFileType = sourcecode.c.h; path = PLMusicLibraryViewController.h; sourceTree = "<group>"; };
		C3CC18C3191F65350026E681 /* PLMusicLibraryViewController.m */ = {isa = PBXFileReference; fileEncoding = 4; lastKnownFileType = sourcecode.c.objc; path = PLMusicLibraryViewController.m; sourceTree = "<group>"; };
		C3CC18C5191F73790026E681 /* PLTrackGroupViewController.h */ = {isa = PBXFileReference; fileEncoding = 4; lastKnownFileType = sourcecode.c.h; path = PLTrackGroupViewController.h; sourceTree = "<group>"; };
		C3CC18C6191F73790026E681 /* PLTrackGroupViewController.m */ = {isa = PBXFileReference; fileEncoding = 4; lastKnownFileType = sourcecode.c.objc; path = PLTrackGroupViewController.m; sourceTree = "<group>"; };
		C3CC18C8191F7B850026E681 /* PLTrackGroupTableViewCell.h */ = {isa = PBXFileReference; fileEncoding = 4; lastKnownFileType = sourcecode.c.h; path = PLTrackGroupTableViewCell.h; sourceTree = "<group>"; };
		C3CC18C9191F7B850026E681 /* PLTrackGroupTableViewCell.m */ = {isa = PBXFileReference; fileEncoding = 4; lastKnownFileType = sourcecode.c.objc; path = PLTrackGroupTableViewCell.m; sourceTree = "<group>"; };
		C3CC18CB191FABD30026E681 /* PLTracksViewController.h */ = {isa = PBXFileReference; fileEncoding = 4; lastKnownFileType = sourcecode.c.h; path = PLTracksViewController.h; sourceTree = "<group>"; };
		C3CC18CC191FABD30026E681 /* PLTracksViewController.m */ = {isa = PBXFileReference; fileEncoding = 4; lastKnownFileType = sourcecode.c.objc; path = PLTracksViewController.m; sourceTree = "<group>"; };
		C3CC18D1191FC5990026E681 /* PLTrackTableViewCell.h */ = {isa = PBXFileReference; fileEncoding = 4; lastKnownFileType = sourcecode.c.h; path = PLTrackTableViewCell.h; sourceTree = "<group>"; };
		C3CC18D2191FC5990026E681 /* PLTrackTableViewCell.m */ = {isa = PBXFileReference; fileEncoding = 4; lastKnownFileType = sourcecode.c.objc; path = PLTrackTableViewCell.m; sourceTree = "<group>"; };
		C3CC18D4191FC63E0026E681 /* PLTrackTableViewCellController.h */ = {isa = PBXFileReference; fileEncoding = 4; lastKnownFileType = sourcecode.c.h; path = PLTrackTableViewCellController.h; sourceTree = "<group>"; };
		C3CC18D5191FC63E0026E681 /* PLTrackTableViewCellController.m */ = {isa = PBXFileReference; fileEncoding = 4; lastKnownFileType = sourcecode.c.objc; path = PLTrackTableViewCellController.m; sourceTree = "<group>"; };
		C3CC18DA19227CD20026E681 /* icon.png */ = {isa = PBXFileReference; lastKnownFileType = image.png; name = icon.png; path = Images.xcassets/AppIcon.appiconset/icon.png; sourceTree = "<group>"; };
		C3CF9FD418B52EF4004EE4A1 /* revision.prefix */ = {isa = PBXFileReference; lastKnownFileType = text; path = revision.prefix; sourceTree = "<group>"; };
		C3CF9FD518B52EF4004EE4A1 /* prebuild.sh */ = {isa = PBXFileReference; lastKnownFileType = text.script.sh; path = prebuild.sh; sourceTree = "<group>"; };
		C3CF9FD618B52EF4004EE4A1 /* deploy.sh */ = {isa = PBXFileReference; lastKnownFileType = text.script.sh; path = deploy.sh; sourceTree = "<group>"; };
		C3D1A65816CFC337006D3E5F /* PLPlaylistSelectViewController.h */ = {isa = PBXFileReference; fileEncoding = 4; lastKnownFileType = sourcecode.c.h; path = PLPlaylistSelectViewController.h; sourceTree = "<group>"; };
		C3D1A65916CFC337006D3E5F /* PLPlaylistSelectViewController.m */ = {isa = PBXFileReference; fileEncoding = 4; lastKnownFileType = sourcecode.c.objc; path = PLPlaylistSelectViewController.m; sourceTree = "<group>"; };
		C3F1A13418E83F6F00A82EAC /* Images.xcassets */ = {isa = PBXFileReference; lastKnownFileType = folder.assetcatalog; path = Images.xcassets; sourceTree = "<group>"; };
		C3F539F1195A047300409CC4 /* PLDownloadManager.h */ = {isa = PBXFileReference; fileEncoding = 4; lastKnownFileType = sourcecode.c.h; path = PLDownloadManager.h; sourceTree = "<group>"; };
		C3F539F2195A047300409CC4 /* PLDownloadManager.m */ = {isa = PBXFileReference; fileEncoding = 4; lastKnownFileType = sourcecode.c.objc; path = PLDownloadManager.m; sourceTree = "<group>"; };
		C3FCEC2C16FF0AD3008CD497 /* PLPlaylistSongViewController.h */ = {isa = PBXFileReference; fileEncoding = 4; lastKnownFileType = sourcecode.c.h; path = PLPlaylistSongViewController.h; sourceTree = "<group>"; };
		C3FCEC2D16FF0AD3008CD497 /* PLPlaylistSongViewController.m */ = {isa = PBXFileReference; fileEncoding = 4; lastKnownFileType = sourcecode.c.objc; path = PLPlaylistSongViewController.m; sourceTree = "<group>"; };
		F6B73325E5724C3CA11B6803 /* Pods.xcconfig */ = {isa = PBXFileReference; includeInIndex = 1; lastKnownFileType = text.xcconfig; name = Pods.xcconfig; path = Pods/Pods.xcconfig; sourceTree = "<group>"; };
/* End PBXFileReference section */

/* Begin PBXFrameworksBuildPhase section */
		C3BC5A241656B772002DA837 /* Frameworks */ = {
			isa = PBXFrameworksBuildPhase;
			buildActionMask = 2147483647;
			files = (
				C9C79EB53A7F4DF38B0DC6E7 /* libPods.a in Frameworks */,
			);
			runOnlyForDeploymentPostprocessing = 0;
		};
/* End PBXFrameworksBuildPhase section */

/* Begin PBXGroup section */
		696C116486C7C451B7194AAE /* Background processes */ = {
			isa = PBXGroup;
			children = (
				696C1DAFDDBB4DBE1F7CD47C /* PLBackgroundProcess.h */,
				696C1086BA744B3A005D70E6 /* PLBackgroundProcess+Protected.h */,
				696C150BD38DBFE750DEEE04 /* PLBackgroundProcess.m */,
				696C1F6362232CF71408E756 /* PLBackgroundProcessProgress.m */,
				696C1414B69DC381029EE20D /* PLBackgroundProcessProgress.h */,
				696C1E146148ABE0A9C766E3 /* Track mirroring */,
			);
			name = "Background processes";
			sourceTree = "<group>";
		};
		696C11DA94AB81B443229DAB /* Utils */ = {
			isa = PBXGroup;
			children = (
				C3A4D68319436F620060B704 /* Progress in table views */,
				696C1F36F1EB35D1A794B4FE /* PLColors.m */,
				696C1208975D1BCA891A80BA /* PLColors.h */,
				696C1AEEA078C2AEA6CA16D1 /* UIView+PLExtensions.m */,
				696C1960628953871BEA02C3 /* UIView+PLExtensions.h */,
				696C134AABF2AE3C703232D6 /* PLConstraints.m */,
				696C1BC84EFF2E07F8CE0D8D /* PLConstraints.h */,
			);
			name = Utils;
			sourceTree = "<group>";
		};
		696C12B61F74CFF8A095DFE4 /* Model */ = {
			isa = PBXGroup;
			children = (
				C38400981937662000D6A930 /* CoreData */,
				696C1A30A16BABDC7CEF1C08 /* Utils */,
				696C1395B365206751788C68 /* Activities */,
				696C18381891B810634C187C /* Main */,
			);
			name = Model;
			sourceTree = "<group>";
		};
		696C134E6A39C3EFEE9FE285 /* View */ = {
			isa = PBXGroup;
			children = (
				C3CC18C0191F60F40026E681 /* Storyboards */,
				696C11DA94AB81B443229DAB /* Utils */,
				696C1DBD53C08A95E050BBD6 /* Views */,
				C378CD74194C505A001D0593 /* PLMainUI.h */,
				C378CD75194C505A001D0593 /* PLMainUI.m */,
			);
			name = View;
			sourceTree = "<group>";
		};
		696C1395B365206751788C68 /* Activities */ = {
			isa = PBXGroup;
			children = (
				696C13ED65045480BDB66BE0 /* PLActivity.h */,
				696C18A46ED3C43F5DF25C0F /* PLSelectFromMusicLibraryActivity.h */,
				696C1A380A19FBA5F3A9D4E3 /* PLSelectFromMusicLibraryActivity.m */,
				696C1E25BD897DECFEAFAE74 /* PLDownloadFromDropboxActivity.h */,
				696C123B1E65E488D94DD4A8 /* PLDownloadFromDropboxActivity.m */,
				696C12C5B79AE1DFA667B290 /* PLDownloadFromGDriveActivity.h */,
				696C1D4C6FF0251EBF444798 /* PLDownloadFromGDriveActivity.m */,
				696C1EE652F22078B91B6C56 /* PLDownloadFromICloudActivity.h */,
				696C1A8B85B56C770FB7BEC0 /* PLDownloadFromICloudActivity.m */,
				696C107644FDE533B6B072AE /* PLDownloadURLActivity.h */,
				696C1AD27942A80B8A9896C5 /* PLDownloadURLActivity.m */,
				696C16B1CAB1C03543A4485C /* PLDownloadPodcastActivity.h */,
				696C146AEE2E2953E78DFD15 /* PLDownloadPodcastActivity.m */,
				696C1E7C20B9B213E7843DEF /* PLFileSharingActivity.h */,
				696C143FEC9667A8B106C5AE /* PLFileSharingActivity.m */,
			);
			name = Activities;
			sourceTree = "<group>";
		};
		696C14DD1BF4F4658D5009EC /* Promises */ = {
			isa = PBXGroup;
			children = (
				696C1F9572FADDE6894E30E4 /* PLPromise.h */,
				696C1F83AD3337B20894E1D9 /* PLPromise.m */,
				696C1F806E065E1941BA78DA /* RXPromise+PLExtensions.m */,
				696C14419B3F9D0681D046BE /* RXPromise+PLExtensions.h */,
			);
			name = Promises;
			sourceTree = "<group>";
		};
		696C1726DE7EC4DA536D552A /* Network */ = {
			isa = PBXGroup;
			children = (
				696C11DDCC4309F051FE8CCC /* PLRequestManager.h */,
				696C160375147E63C52A1806 /* PLRequestManager.m */,
				696C1729AD0F641AC0C9D8FF /* PLRequestOptions.m */,
				696C142E583BE71A04DC1AD3 /* PLRequestOptions.h */,
				C3F539F1195A047300409CC4 /* PLDownloadManager.h */,
				C3F539F2195A047300409CC4 /* PLDownloadManager.m */,
			);
			name = Network;
			sourceTree = "<group>";
		};
		696C18381891B810634C187C /* Main */ = {
			isa = PBXGroup;
			children = (
				696C1BF13C7BEFF1865E8C4A /* PLPlaylistSongsDelegate.m */,
				696C11D9F715B1D1B05EE830 /* PLPlaylistSongsDelegate.h */,
			);
			name = Main;
			sourceTree = "<group>";
		};
		696C1A0B68A4C7AB83906623 /* Extensions */ = {
			isa = PBXGroup;
			children = (
				696C1DE8F8BEEAD9D85A9DAC /* NSArray+PLExtensions.h */,
				696C1DE33AAD9B681D2E03F9 /* NSObject+PLExtensions.m */,
				696C1EADB9F92F456BBFD2EE /* NSObject+PLExtensions.h */,
				696C1931BF56608A412ACF33 /* NSString+PLExtensions.h */,
				696C133478AB46FE4BED85EF /* NSArray+PLExtensions.m */,
				696C1B78075493A42466C4A8 /* NSString+PLExtensions.m */,
			);
			name = Extensions;
			sourceTree = "<group>";
		};
		696C1A104295D194D43F4BE6 /* Logging */ = {
			isa = PBXGroup;
			children = (
				696C19A6848C7EB377AF58C5 /* PLLogging.m */,
				696C13BD9719AB7EEEAD952D /* PLLogging.h */,
			);
			name = Logging;
			sourceTree = "<group>";
		};
		696C1A30A16BABDC7CEF1C08 /* Utils */ = {
			isa = PBXGroup;
			children = (
				C3A4D679193E401B0060B704 /* Import */,
				C3BC5AE81656CCBB002DA837 /* Settings */,
				C3CC18BD191E98D50026E681 /* Media */,
				696C1726DE7EC4DA536D552A /* Network */,
				696C1A104295D194D43F4BE6 /* Logging */,
				696C1FFF4599CDF04A92A304 /* Error handling */,
				696C1ADA62259499028F9F4B /* PLUtils.h */,
				696C182AEF78B538772A01FD /* PLUtils.m */,
				696C1AAD96C35E9BF3686E67 /* Caching */,
				696C1A0B68A4C7AB83906623 /* Extensions */,
				696C14DD1BF4F4658D5009EC /* Promises */,
				696C116486C7C451B7194AAE /* Background processes */,
			);
			name = Utils;
			sourceTree = "<group>";
		};
		696C1AAD96C35E9BF3686E67 /* Caching */ = {
			isa = PBXGroup;
			children = (
				696C1239863912CEC9BDB652 /* PLImageCache.m */,
				696C1AA53C9864939BB01191 /* PLImageCache.h */,
				696C1500B3FE45191DAA56E0 /* PLCachedArtwork.m */,
				696C19B02B8C2610D58EAA58 /* PLCachedArtwork.h */,
			);
			name = Caching;
			sourceTree = "<group>";
		};
		696C1DBD53C08A95E050BBD6 /* Views */ = {
			isa = PBXGroup;
			children = (
				C378CD7D194C61A7001D0593 /* Main */,
				696C1DE1EB61A8AB868243D1 /* PLActivityView.h */,
				696C1046C87A0138396351B9 /* PLActivityView.m */,
				696C17D4D4786869DE5A11A7 /* PLButton.h */,
				696C1CE67D437458210D2DE2 /* PLButton.m */,
				C3CC18C8191F7B850026E681 /* PLTrackGroupTableViewCell.h */,
				C3CC18C9191F7B850026E681 /* PLTrackGroupTableViewCell.m */,
				C3CC18D1191FC5990026E681 /* PLTrackTableViewCell.h */,
				C3CC18D2191FC5990026E681 /* PLTrackTableViewCell.m */,
			);
			name = Views;
			sourceTree = "<group>";
		};
		696C1DEA65728A0008DBF096 /* ViewModels */ = {
			isa = PBXGroup;
			children = (
				696C12E93800D96F5AFEE66A /* PLPlaylistSongCellModelView.h */,
				696C1B64873859724C208B95 /* PLPlaylistSongCellModelView.m */,
				696C1DFF03B12814A6C12B05 /* PLTrackGroupCellModelView.h */,
				696C173E18677F6CD43519DF /* PLTrackGroupCellModelView.m */,
			);
			name = ViewModels;
			sourceTree = "<group>";
		};
		696C1E146148ABE0A9C766E3 /* Track mirroring */ = {
			isa = PBXGroup;
			children = (
				696C1FE29357EB7961765F29 /* PLMediaMirror.h */,
				696C13B5A2362071AD1BB2C0 /* PLMediaMirror.m */,
			);
			name = "Track mirroring";
			sourceTree = "<group>";
		};
		696C1E7B8412125EAAA18CBA /* Controller */ = {
			isa = PBXGroup;
			children = (
				C378CD79194C528A001D0593 /* Activity view */,
				C378CD7A194C52A6001D0593 /* PLMainViewController.h */,
				C378CD7B194C52A6001D0593 /* PLMainViewController.m */,
			);
			name = Controller;
			sourceTree = "<group>";
		};
		696C1FFF4599CDF04A92A304 /* Error handling */ = {
			isa = PBXGroup;
			children = (
				696C16A4D226E0A5EC204C36 /* PLErrorManager.h */,
				696C12FAB54495AF46A2A951 /* PLErrorManager.m */,
				696C1721722D6B0C3765AAA1 /* UIViewController+PLErrorExtensions.h */,
				696C12C9DF1F34B0D5963EEC /* UIViewController+PLErrorExtensions.m */,
			);
			name = "Error handling";
			sourceTree = "<group>";
		};
		C34ADCDC19164CBE00A07EBB /* Legacy */ = {
			isa = PBXGroup;
			children = (
				C3BC5AC41656C7DB002DA837 /* Model */,
				C3BC5AAD1656C25F002DA837 /* View */,
				C3BC5AAC1656C24D002DA837 /* ViewControllers */,
			);
			name = Legacy;
			sourceTree = "<group>";
		};
		C34ADCE21916505200A07EBB /* New */ = {
			isa = PBXGroup;
			children = (
				696C134E6A39C3EFEE9FE285 /* View */,
				696C12B61F74CFF8A095DFE4 /* Model */,
				696C1E7B8412125EAAA18CBA /* Controller */,
				696C1DEA65728A0008DBF096 /* ViewModels */,
			);
			name = New;
			sourceTree = "<group>";
		};
		C354484C165922B90083D703 /* Cells */ = {
			isa = PBXGroup;
			children = (
				C354484E165922C80083D703 /* SliderCell.h */,
				C354484F165922C80083D703 /* SliderCell.m */,
				696C17D6C827B6995026B0FA /* PLLegacySongTableViewCell.m */,
				696C13D5FB1650B68AA732BC /* PLLegacySongTableViewCell.h */,
			);
			name = Cells;
			sourceTree = "<group>";
		};
		C378CD79194C528A001D0593 /* Activity view */ = {
			isa = PBXGroup;
			children = (
				696C1FC517E0B1E486397B42 /* PLActivityViewController.h */,
				696C1C1CFEA94557045A202E /* PLActivityViewController.m */,
				C3CC18C1191F65020026E681 /* MusicLibrary */,
				696C1FE69CD877A0A21E876F /* PLImportActivityViewController.m */,
				696C154DBBACAD9E008A4737 /* PLImportActivityViewController.h */,
			);
			name = "Activity view";
			sourceTree = "<group>";
		};
		C378CD7D194C61A7001D0593 /* Main */ = {
			isa = PBXGroup;
			children = (
				C378CD7E194C61CF001D0593 /* PLPlaylistSongCell.h */,
				C378CD7F194C61CF001D0593 /* PLPlaylistSongCell.m */,
			);
			name = Main;
			sourceTree = "<group>";
		};
		C38400981937662000D6A930 /* CoreData */ = {
			isa = PBXGroup;
			children = (
				C3BC5ACB1656C81C002DA837 /* Model.xcdatamodeld */,
				C3BC5ACA1656C808002DA837 /* Entities */,
				C3BC5AE51656CC24002DA837 /* PLMigrationManager.h */,
				C3BC5AE61656CC24002DA837 /* PLMigrationManager.m */,
				C3BC5AE01656CABF002DA837 /* PLDataAccess.h */,
				C3BC5AE11656CABF002DA837 /* PLDataAccess.m */,
				C3BC5ADD1656CA73002DA837 /* PLCoreDataStack.h */,
				C3BC5ADE1656CA73002DA837 /* PLCoreDataStack.m */,
			);
			name = CoreData;
			sourceTree = "<group>";
		};
		C3A4D679193E401B0060B704 /* Import */ = {
			isa = PBXGroup;
			children = (
				C3A4D67A193E40320060B704 /* PLFileImport.h */,
				C3A4D67B193E40320060B704 /* PLFileImport.m */,
			);
			name = Import;
			sourceTree = "<group>";
		};
		C3A4D68319436F620060B704 /* Progress in table views */ = {
			isa = PBXGroup;
			children = (
				C3A4D67D19433F1C0060B704 /* PLTableViewProgress.h */,
				C3A4D67E19433F1C0060B704 /* PLTableViewProgress.m */,
				C3A4D680194343570060B704 /* PLProgressTableViewCell.h */,
				C3A4D681194343570060B704 /* PLProgressTableViewCell.m */,
			);
			name = "Progress in table views";
			sourceTree = "<group>";
		};
		C3BC5A1C1656B772002DA837 = {
			isa = PBXGroup;
			children = (
				C3BC5A311656B772002DA837 /* Player */,
				C3BC5A2A1656B772002DA837 /* Frameworks */,
				C3BC5A281656B772002DA837 /* Products */,
				F6B73325E5724C3CA11B6803 /* Pods.xcconfig */,
			);
			sourceTree = "<group>";
		};
		C3BC5A281656B772002DA837 /* Products */ = {
			isa = PBXGroup;
			children = (
				C3BC5A271656B772002DA837 /* Baladeur.app */,
			);
			name = Products;
			sourceTree = "<group>";
		};
		C3BC5A2A1656B772002DA837 /* Frameworks */ = {
			isa = PBXGroup;
			children = (
				2F7BD0A371C24EA3853F30EA /* libPods.a */,
			);
			name = Frameworks;
			sourceTree = "<group>";
		};
		C3BC5A311656B772002DA837 /* Player */ = {
			isa = PBXGroup;
			children = (
				C34ADCE21916505200A07EBB /* New */,
				C34ADCDC19164CBE00A07EBB /* Legacy */,
				C3BC5A3A1656B772002DA837 /* PLAppDelegate.h */,
				C3BC5A3B1656B772002DA837 /* PLAppDelegate.m */,
				C3F1A13418E83F6F00A82EAC /* Images.xcassets */,
				C3BC5A321656B772002DA837 /* Supporting Files */,
			);
			path = Player;
			sourceTree = "<group>";
		};
		C3BC5A321656B772002DA837 /* Supporting Files */ = {
			isa = PBXGroup;
			children = (
				C3CC18B5191E430D0026E681 /* Resources */,
				C3CF9FD318B52EE3004EE4A1 /* Build */,
				C343756C166BE661006EC87D /* jbl_confirm.aiff */,
				C343756A166BE5ED006EC87D /* jbl_confirm.caf */,
				C3437568166BE531006EC87D /* jbl_confirm.mp3 */,
				C3BC5A331656B772002DA837 /* Player-Info.plist */,
				C3BC5A341656B772002DA837 /* InfoPlist.strings */,
				C3BC5A371656B772002DA837 /* main.m */,
				C3BC5A391656B772002DA837 /* Player-Prefix.pch */,
				C3BC5B0D1659002C002DA837 /* todo.txt */,
			);
			name = "Supporting Files";
			sourceTree = "<group>";
		};
		C3BC5A9B1656BB13002DA837 /* Images */ = {
			isa = PBXGroup;
			children = (
				C3BC5B0B1658FC0E002DA837 /* default_artwork.jpg */,
				C3BC5AB81656C4D8002DA837 /* bookmark.png */,
				C3BC5AB61656C480002DA837 /* settings.png */,
				C3BC5AB41656C2D7002DA837 /* music.png */,
				C3BC5AAA1656C23A002DA837 /* list.png */,
				C3BC5A3D1656B772002DA837 /* Default.png */,
				C3BC5A3F1656B772002DA837 /* Default@2x.png */,
				C3BC5A411656B772002DA837 /* Default-568h@2x.png */,
			);
			name = Images;
			sourceTree = "<group>";
		};
		C3BC5AAC1656C24D002DA837 /* ViewControllers */ = {
			isa = PBXGroup;
			children = (
				C3BC5A961656B958002DA837 /* PLPlaylistViewController.h */,
				C3BC5A971656B959002DA837 /* PLPlaylistViewController.m */,
				C3BC5AAF1656C284002DA837 /* PLPlayerViewController.h */,
				C3BC5AB01656C284002DA837 /* PLPlayerViewController.m */,
				C3BC5ABA1656C4E7002DA837 /* PLBookmarksViewController.h */,
				C3BC5ABB1656C4E7002DA837 /* PLBookmarksViewController.m */,
				C3BC5ABF1656C4EF002DA837 /* PLSettingsViewController.h */,
				C3BC5AC01656C4EF002DA837 /* PLSettingsViewController.m */,
				C3D1A65816CFC337006D3E5F /* PLPlaylistSelectViewController.h */,
				C3D1A65916CFC337006D3E5F /* PLPlaylistSelectViewController.m */,
				C3FCEC2C16FF0AD3008CD497 /* PLPlaylistSongViewController.h */,
				C3FCEC2D16FF0AD3008CD497 /* PLPlaylistSongViewController.m */,
			);
			name = ViewControllers;
			sourceTree = "<group>";
		};
		C3BC5AAD1656C25F002DA837 /* View */ = {
			isa = PBXGroup;
			children = (
				C3BC5A9B1656BB13002DA837 /* Images */,
				C3BC5AFD1658DDF7002DA837 /* Utilities */,
				C3BC5AF01656CF94002DA837 /* Custom views */,
				C3BC5AAE1656C265002DA837 /* Xibs */,
			);
			name = View;
			sourceTree = "<group>";
		};
		C3BC5AAE1656C265002DA837 /* Xibs */ = {
			isa = PBXGroup;
			children = (
				C3BC5B1F165921AD002DA837 /* SliderCell.xib */,
				C3BC5ABC1656C4E7002DA837 /* PLBookmarksViewController.xib */,
				C3BC5AC11656C4EF002DA837 /* PLSettingsViewController.xib */,
				C3BC5AB11656C284002DA837 /* PLPlayerViewController.xib */,
				C3BC5A981656B959002DA837 /* PLPlaylistViewController.xib */,
			);
			name = Xibs;
			sourceTree = "<group>";
		};
		C3BC5AC41656C7DB002DA837 /* Model */ = {
			isa = PBXGroup;
			children = (
				C3BC5AEC1656CD2D002DA837 /* Utilities */,
				C3BC5B12165912F4002DA837 /* PLPlayer.h */,
				C3BC5B13165912F5002DA837 /* PLPlayer.m */,
			);
			name = Model;
			sourceTree = "<group>";
		};
		C3BC5ACA1656C808002DA837 /* Entities */ = {
			isa = PBXGroup;
			children = (
				C3840099193879E600D6A930 /* PLTrack.h */,
				C384009A193879E600D6A930 /* PLTrack.m */,
				C3BC5ADA1656CA4E002DA837 /* PLPlaylistSong.h */,
				C3BC5ADB1656CA4E002DA837 /* PLPlaylistSong.m */,
				C3BC5AD41656CA4E002DA837 /* PLPlaylist.h */,
				C3BC5AD51656CA4E002DA837 /* PLPlaylist.m */,
				C3BC5AD11656CA4D002DA837 /* PLBookmark.h */,
				C3BC5AD21656CA4D002DA837 /* PLBookmark.m */,
				696C154AEE9EE86422D272E3 /* PLEntity.h */,
				696C1E69820AF0DDE12F4252 /* PLEntity.m */,
			);
			name = Entities;
			sourceTree = "<group>";
		};
		C3BC5AE81656CCBB002DA837 /* Settings */ = {
			isa = PBXGroup;
			children = (
				C3BC5AE91656CCC9002DA837 /* PLDefaultsManager.h */,
				C3BC5AEA1656CCC9002DA837 /* PLDefaultsManager.m */,
			);
			name = Settings;
			sourceTree = "<group>";
		};
		C3BC5AEC1656CD2D002DA837 /* Utilities */ = {
			isa = PBXGroup;
			children = (
				C3BC5B021658E76A002DA837 /* NSString+Extensions.h */,
				C3BC5B031658E76A002DA837 /* NSString+Extensions.m */,
			);
			name = Utilities;
			sourceTree = "<group>";
		};
		C3BC5AF01656CF94002DA837 /* Custom views */ = {
			isa = PBXGroup;
			children = (
				C354484C165922B90083D703 /* Cells */,
			);
			name = "Custom views";
			sourceTree = "<group>";
		};
		C3BC5AFD1658DDF7002DA837 /* Utilities */ = {
			isa = PBXGroup;
			children = (
				C3BC5AFF1658DE07002DA837 /* PLAlerts.h */,
				C3BC5B001658DE07002DA837 /* PLAlerts.m */,
			);
			name = Utilities;
			sourceTree = "<group>";
		};
		C3CC18B5191E430D0026E681 /* Resources */ = {
			isa = PBXGroup;
			children = (
				C3CC18DA19227CD20026E681 /* icon.png */,
				C3CC18BA191E43300026E681 /* Localizable.strings */,
			);
			name = Resources;
			sourceTree = "<group>";
		};
		C3CC18BD191E98D50026E681 /* Media */ = {
			isa = PBXGroup;
			children = (
				696C125EC4796E70CFB25276 /* PLMediaLibrarySearch.h */,
				696C1A1B2AD9708890647B5D /* PLMediaLibrarySearch.m */,
				696C19563B0CAE9008642F75 /* PLMediaItemTrackGroup.h */,
				696C1F2107FF194F73B00CA7 /* PLMediaItemTrackGroup.m */,
				696C1A801C481849E5EC42B5 /* PLMediaItemTrack.h */,
				696C1EEB72AA7536F82ED55D /* PLMediaItemTrack.m */,
			);
			name = Media;
			sourceTree = "<group>";
		};
		C3CC18C0191F60F40026E681 /* Storyboards */ = {
			isa = PBXGroup;
			children = (
				C3CC18BE191F60EC0026E681 /* MusicLibrary.storyboard */,
				C378CD77194C51D5001D0593 /* Main.storyboard */,
			);
			name = Storyboards;
			sourceTree = "<group>";
		};
		C3CC18C1191F65020026E681 /* MusicLibrary */ = {
			isa = PBXGroup;
			children = (
				C3CC18C2191F65350026E681 /* PLMusicLibraryViewController.h */,
				C3CC18C3191F65350026E681 /* PLMusicLibraryViewController.m */,
				C3CC18C5191F73790026E681 /* PLTrackGroupViewController.h */,
				C3CC18C6191F73790026E681 /* PLTrackGroupViewController.m */,
				C3CC18CB191FABD30026E681 /* PLTracksViewController.h */,
				C3CC18CC191FABD30026E681 /* PLTracksViewController.m */,
				C3CC18D4191FC63E0026E681 /* PLTrackTableViewCellController.h */,
				C3CC18D5191FC63E0026E681 /* PLTrackTableViewCellController.m */,
			);
			name = MusicLibrary;
			sourceTree = "<group>";
		};
		C3CF9FD318B52EE3004EE4A1 /* Build */ = {
			isa = PBXGroup;
			children = (
				C3CF9FD418B52EF4004EE4A1 /* revision.prefix */,
				C3CF9FD518B52EF4004EE4A1 /* prebuild.sh */,
				C3CF9FD618B52EF4004EE4A1 /* deploy.sh */,
			);
			name = Build;
			sourceTree = "<group>";
		};
/* End PBXGroup section */

/* Begin PBXNativeTarget section */
		C3BC5A261656B772002DA837 /* Player */ = {
			isa = PBXNativeTarget;
			buildConfigurationList = C3BC5A4B1656B772002DA837 /* Build configuration list for PBXNativeTarget "Player" */;
			buildPhases = (
				25A2695E373D4EAA92DCA1C9 /* Check Pods Manifest.lock */,
				C3BC5A231656B772002DA837 /* Sources */,
				C3BC5A241656B772002DA837 /* Frameworks */,
				C3BC5A251656B772002DA837 /* Resources */,
				F0CABAB3F387423BBD882EEE /* Copy Pods Resources */,
			);
			buildRules = (
			);
			dependencies = (
			);
			name = Player;
			productName = Player;
			productReference = C3BC5A271656B772002DA837 /* Baladeur.app */;
			productType = "com.apple.product-type.application";
		};
/* End PBXNativeTarget section */

/* Begin PBXProject section */
		C3BC5A1E1656B772002DA837 /* Project object */ = {
			isa = PBXProject;
			attributes = {
				CLASSPREFIX = PL;
				LastUpgradeCheck = 0510;
				ORGANIZATIONNAME = "Tomas Vana";
				TargetAttributes = {
					C3BC5A261656B772002DA837 = {
						DevelopmentTeam = AVB86P2YPX;
					};
				};
			};
			buildConfigurationList = C3BC5A211656B772002DA837 /* Build configuration list for PBXProject "Player" */;
			compatibilityVersion = "Xcode 3.2";
			developmentRegion = English;
			hasScannedForEncodings = 0;
			knownRegions = (
				en,
				de,
				sk,
			);
			mainGroup = C3BC5A1C1656B772002DA837;
			productRefGroup = C3BC5A281656B772002DA837 /* Products */;
			projectDirPath = "";
			projectRoot = "";
			targets = (
				C3BC5A261656B772002DA837 /* Player */,
			);
		};
/* End PBXProject section */

/* Begin PBXResourcesBuildPhase section */
		C3BC5A251656B772002DA837 /* Resources */ = {
			isa = PBXResourcesBuildPhase;
			buildActionMask = 2147483647;
			files = (
				C3BC5A361656B772002DA837 /* InfoPlist.strings in Resources */,
				C3F1A13518E83F6F00A82EAC /* Images.xcassets in Resources */,
				C3BC5A3E1656B772002DA837 /* Default.png in Resources */,
				C3BC5A401656B772002DA837 /* Default@2x.png in Resources */,
				C3BC5A421656B772002DA837 /* Default-568h@2x.png in Resources */,
				C3CC18DB19227CD30026E681 /* icon.png in Resources */,
				C3CC18BF191F60EC0026E681 /* MusicLibrary.storyboard in Resources */,
				C3CC18B8191E43300026E681 /* Localizable.strings in Resources */,
				C3BC5A9A1656B959002DA837 /* PLPlaylistViewController.xib in Resources */,
				C3BC5AAB1656C23A002DA837 /* list.png in Resources */,
				C3BC5AB31656C284002DA837 /* PLPlayerViewController.xib in Resources */,
				C3BC5AB51656C2D7002DA837 /* music.png in Resources */,
				C378CD78194C51D5001D0593 /* Main.storyboard in Resources */,
				C3BC5AB71656C480002DA837 /* settings.png in Resources */,
				C3BC5AB91656C4D8002DA837 /* bookmark.png in Resources */,
				C3BC5ABE1656C4E7002DA837 /* PLBookmarksViewController.xib in Resources */,
				C3BC5AC31656C4EF002DA837 /* PLSettingsViewController.xib in Resources */,
				C3BC5B0C1658FC0E002DA837 /* default_artwork.jpg in Resources */,
				C3BC5B0E1659002C002DA837 /* todo.txt in Resources */,
				C3BC5B20165921AD002DA837 /* SliderCell.xib in Resources */,
				C3437569166BE531006EC87D /* jbl_confirm.mp3 in Resources */,
				C343756B166BE5ED006EC87D /* jbl_confirm.caf in Resources */,
				C343756D166BE661006EC87D /* jbl_confirm.aiff in Resources */,
			);
			runOnlyForDeploymentPostprocessing = 0;
		};
/* End PBXResourcesBuildPhase section */

/* Begin PBXShellScriptBuildPhase section */
		25A2695E373D4EAA92DCA1C9 /* Check Pods Manifest.lock */ = {
			isa = PBXShellScriptBuildPhase;
			buildActionMask = 2147483647;
			files = (
			);
			inputPaths = (
			);
			name = "Check Pods Manifest.lock";
			outputPaths = (
			);
			runOnlyForDeploymentPostprocessing = 0;
			shellPath = /bin/sh;
			shellScript = "diff \"${PODS_ROOT}/../Podfile.lock\" \"${PODS_ROOT}/Manifest.lock\" > /dev/null\nif [[ $? != 0 ]] ; then\n    cat << EOM\nerror: The sandbox is not in sync with the Podfile.lock. Run 'pod install' or update your CocoaPods installation.\nEOM\n    exit 1\nfi\n";
			showEnvVarsInLog = 0;
		};
		F0CABAB3F387423BBD882EEE /* Copy Pods Resources */ = {
			isa = PBXShellScriptBuildPhase;
			buildActionMask = 2147483647;
			files = (
			);
			inputPaths = (
			);
			name = "Copy Pods Resources";
			outputPaths = (
			);
			runOnlyForDeploymentPostprocessing = 0;
			shellPath = /bin/sh;
			shellScript = "\"${SRCROOT}/Pods/Pods-resources.sh\"\n";
			showEnvVarsInLog = 0;
		};
/* End PBXShellScriptBuildPhase section */

/* Begin PBXSourcesBuildPhase section */
		C3BC5A231656B772002DA837 /* Sources */ = {
			isa = PBXSourcesBuildPhase;
			buildActionMask = 2147483647;
			files = (
				C3CC18C7191F73790026E681 /* PLTrackGroupViewController.m in Sources */,
				C3BC5A381656B772002DA837 /* main.m in Sources */,
				C3BC5A3C1656B772002DA837 /* PLAppDelegate.m in Sources */,
				C3A4D67F19433F1C0060B704 /* PLTableViewProgress.m in Sources */,
				C3A4D682194343570060B704 /* PLProgressTableViewCell.m in Sources */,
				C3BC5A991656B959002DA837 /* PLPlaylistViewController.m in Sources */,
				C3BC5AB21656C284002DA837 /* PLPlayerViewController.m in Sources */,
				C3BC5ABD1656C4E7002DA837 /* PLBookmarksViewController.m in Sources */,
				C3BC5AC21656C4EF002DA837 /* PLSettingsViewController.m in Sources */,
				C3BC5ACD1656C81C002DA837 /* Model.xcdatamodeld in Sources */,
				C3BC5AD31656CA4D002DA837 /* PLBookmark.m in Sources */,
				C3BC5AD61656CA4E002DA837 /* PLPlaylist.m in Sources */,
				C3CC18D6191FC63E0026E681 /* PLTrackTableViewCellController.m in Sources */,
				C3BC5ADC1656CA4E002DA837 /* PLPlaylistSong.m in Sources */,
				C3BC5ADF1656CA73002DA837 /* PLCoreDataStack.m in Sources */,
				C3BC5AE21656CACC002DA837 /* PLDataAccess.m in Sources */,
				C3BC5AE71656CC24002DA837 /* PLMigrationManager.m in Sources */,
				C3BC5AEB1656CCC9002DA837 /* PLDefaultsManager.m in Sources */,
				C378CD80194C61CF001D0593 /* PLPlaylistSongCell.m in Sources */,
				C3BC5B011658DE07002DA837 /* PLAlerts.m in Sources */,
				C3BC5B041658E76A002DA837 /* NSString+Extensions.m in Sources */,
				C378CD7C194C52A6001D0593 /* PLMainViewController.m in Sources */,
				C3BC5B14165912F6002DA837 /* PLPlayer.m in Sources */,
				C3CC18CD191FABD30026E681 /* PLTracksViewController.m in Sources */,
				C3544850165922C80083D703 /* SliderCell.m in Sources */,
				C3D1A65A16CFC337006D3E5F /* PLPlaylistSelectViewController.m in Sources */,
				C3FCEC2E16FF0AD3008CD497 /* PLPlaylistSongViewController.m in Sources */,
				696C14355BFE9EF3A322E84C /* PLColors.m in Sources */,
				696C1F72E45C6A9B4C528C3C /* PLActivityView.m in Sources */,
				696C1F1FF839CDC5DB90DE97 /* PLButton.m in Sources */,
				696C15F960FE4C012828606D /* PLActivityViewController.m in Sources */,
				696C1688959910200C8E162E /* PLSelectFromMusicLibraryActivity.m in Sources */,
				C3A4D67C193E40320060B704 /* PLFileImport.m in Sources */,
				C3CC18C4191F65350026E681 /* PLMusicLibraryViewController.m in Sources */,
				696C1E705DB79F2E2990D98A /* UIView+PLExtensions.m in Sources */,
				696C150707F3BDB3401223BA /* PLConstraints.m in Sources */,
				696C1ADFA4D617995455F30F /* PLDownloadFromDropboxActivity.m in Sources */,
				C3F539F3195A047300409CC4 /* PLDownloadManager.m in Sources */,
				696C1C17D8D7CEA11E7A5928 /* PLDownloadFromGDriveActivity.m in Sources */,
				C378CD76194C505A001D0593 /* PLMainUI.m in Sources */,
				696C1A663DCC44EB31B19B46 /* PLDownloadFromICloudActivity.m in Sources */,
				C384009B193879E600D6A930 /* PLTrack.m in Sources */,
				696C1C38A95357371CFEE558 /* PLDownloadURLActivity.m in Sources */,
				696C1F9C8C8A7886A8530949 /* PLDownloadPodcastActivity.m in Sources */,
				696C1CC618F99813793E6F46 /* PLFileSharingActivity.m in Sources */,
				696C1A5C34970937DA5E0A3B /* PLLogging.m in Sources */,
				696C13EE5F69A14268974A60 /* PLErrorManager.m in Sources */,
				696C196244DD64E0DD03976E /* UIViewController+PLErrorExtensions.m in Sources */,
				696C197C7FC7F02EAB520C14 /* PLUtils.m in Sources */,
				696C17BF00FEF79DF2FCB485 /* PLRequestManager.m in Sources */,
				696C19D6E20C154C20D0DC68 /* PLRequestOptions.m in Sources */,
				696C1B8D690CECA9499F257E /* PLMediaLibrarySearch.m in Sources */,
				696C177E0F2230FE3DDA991B /* PLMediaItemTrackGroup.m in Sources */,
				696C13068CF01B07191595AB /* PLImageCache.m in Sources */,
				696C153A17367E75E95611F2 /* PLCachedArtwork.m in Sources */,
				696C1B378A7D2749C756064C /* PLMediaItemTrack.m in Sources */,
				696C1F292F5CDB0A7156E3AD /* NSObject+PLExtensions.m in Sources */,
				C3CC18CA191F7B850026E681 /* PLTrackGroupTableViewCell.m in Sources */,
				C3CC18D3191FC5990026E681 /* PLTrackTableViewCell.m in Sources */,
				696C1409FF66555E089505A1 /* NSArray+PLExtensions.m in Sources */,
				696C159390EB7A51269C2399 /* NSString+PLExtensions.m in Sources */,
				696C115BC2254A1EB5EFD122 /* PLPromise.m in Sources */,
				696C144E4704B5A5CF53C33D /* RXPromise+PLExtensions.m in Sources */,
				696C169A25ECD6B14186B438 /* PLEntity.m in Sources */,
				696C1FBF6134FDF5DE3BD2C6 /* PLLegacySongTableViewCell.m in Sources */,
				696C12295CFEA1F9814E8AC8 /* PLPlaylistSongCellModelView.m in Sources */,
				696C1B8ADD0FA7E1BD73BBD1 /* PLPlaylistSongsDelegate.m in Sources */,
				696C16CE03E0D6A5D2CF72AF /* PLImportActivityViewController.m in Sources */,
				696C1DF8E8A5D182F7F07621 /* PLBackgroundProcess.m in Sources */,
				696C1A7540982F010E4E85CD /* PLTrackGroupCellModelView.m in Sources */,
				696C1FC71A11624AE1D6F4F6 /* PLBackgroundProcessProgress.m in Sources */,
				696C1F37827BDCC5942F540F /* PLMediaMirror.m in Sources */,
			);
			runOnlyForDeploymentPostprocessing = 0;
		};
/* End PBXSourcesBuildPhase section */

/* Begin PBXVariantGroup section */
		C3BC5A341656B772002DA837 /* InfoPlist.strings */ = {
			isa = PBXVariantGroup;
			children = (
				C3BC5A351656B772002DA837 /* en */,
			);
			name = InfoPlist.strings;
			sourceTree = "<group>";
		};
		C3CC18BA191E43300026E681 /* Localizable.strings */ = {
			isa = PBXVariantGroup;
			children = (
				C3CC18B9191E43300026E681 /* en */,
				C3CC18BB191E43820026E681 /* de */,
				C3CC18BC191E43EC0026E681 /* sk */,
			);
			name = Localizable.strings;
			sourceTree = "<group>";
		};
/* End PBXVariantGroup section */

/* Begin XCBuildConfiguration section */
		C3BC5A491656B772002DA837 /* Debug */ = {
			isa = XCBuildConfiguration;
			buildSettings = {
				ALWAYS_SEARCH_USER_PATHS = NO;
				CLANG_CXX_LANGUAGE_STANDARD = "gnu++0x";
				CLANG_CXX_LIBRARY = "libc++";
				CLANG_ENABLE_OBJC_ARC = YES;
				CLANG_WARN_EMPTY_BODY = YES;
				CLANG_WARN__DUPLICATE_METHOD_MATCH = YES;
				"CODE_SIGN_IDENTITY[sdk=iphoneos*]" = "iPhone Developer";
				COPY_PHASE_STRIP = NO;
				GCC_C_LANGUAGE_STANDARD = gnu99;
				GCC_DYNAMIC_NO_PIC = NO;
				GCC_OPTIMIZATION_LEVEL = 0;
				GCC_PREPROCESSOR_DEFINITIONS = (
					"DEBUG=1",
					"$(inherited)",
				);
				GCC_SYMBOLS_PRIVATE_EXTERN = NO;
				GCC_WARN_ABOUT_RETURN_TYPE = YES;
				GCC_WARN_UNINITIALIZED_AUTOS = YES;
				GCC_WARN_UNUSED_VARIABLE = YES;
				IPHONEOS_DEPLOYMENT_TARGET = 7.0;
				ONLY_ACTIVE_ARCH = YES;
				SDKROOT = iphoneos;
			};
			name = Debug;
		};
		C3BC5A4A1656B772002DA837 /* Release */ = {
			isa = XCBuildConfiguration;
			buildSettings = {
				ALWAYS_SEARCH_USER_PATHS = NO;
				CLANG_CXX_LANGUAGE_STANDARD = "gnu++0x";
				CLANG_CXX_LIBRARY = "libc++";
				CLANG_ENABLE_OBJC_ARC = YES;
				CLANG_WARN_EMPTY_BODY = YES;
				CLANG_WARN__DUPLICATE_METHOD_MATCH = YES;
				"CODE_SIGN_IDENTITY[sdk=iphoneos*]" = "iPhone Developer";
				COPY_PHASE_STRIP = YES;
				GCC_C_LANGUAGE_STANDARD = gnu99;
				GCC_WARN_ABOUT_RETURN_TYPE = YES;
				GCC_WARN_UNINITIALIZED_AUTOS = YES;
				GCC_WARN_UNUSED_VARIABLE = YES;
				IPHONEOS_DEPLOYMENT_TARGET = 7.0;
				OTHER_CFLAGS = "-DNS_BLOCK_ASSERTIONS=1";
				SDKROOT = iphoneos;
				VALIDATE_PRODUCT = YES;
			};
			name = Release;
		};
		C3BC5A4C1656B772002DA837 /* Debug */ = {
			isa = XCBuildConfiguration;
			baseConfigurationReference = F6B73325E5724C3CA11B6803 /* Pods.xcconfig */;
			buildSettings = {
				ASSETCATALOG_COMPILER_APPICON_NAME = AppIcon;
				ASSETCATALOG_COMPILER_LAUNCHIMAGE_NAME = LaunchImage;
				CLANG_ENABLE_MODULES = YES;
				CLANG_MODULES_AUTOLINK = YES;
				CODE_SIGN_IDENTITY = "iPhone Developer";
				GCC_PRECOMPILE_PREFIX_HEADER = NO;
				GCC_PREFIX_HEADER = "Player/Player-Prefix.pch";
				INFOPLIST_FILE = "Player/Player-Info.plist";
				INFOPLIST_PREFIX_HEADER = revision.prefix;
				INFOPLIST_PREPROCESS = YES;
				IPHONEOS_DEPLOYMENT_TARGET = 7.0;
				PRODUCT_NAME = Baladeur;
				USER_HEADER_SEARCH_PATHS = "\"${PROJECT_DIR}/Pods\"/**";
				WRAPPER_EXTENSION = app;
			};
			name = Debug;
		};
		C3BC5A4D1656B772002DA837 /* Release */ = {
			isa = XCBuildConfiguration;
			baseConfigurationReference = F6B73325E5724C3CA11B6803 /* Pods.xcconfig */;
			buildSettings = {
				ASSETCATALOG_COMPILER_APPICON_NAME = AppIcon;
				ASSETCATALOG_COMPILER_LAUNCHIMAGE_NAME = LaunchImage;
				CLANG_ENABLE_MODULES = YES;
				CLANG_MODULES_AUTOLINK = YES;
				CODE_SIGN_IDENTITY = "iPhone Developer";
				GCC_PRECOMPILE_PREFIX_HEADER = NO;
				GCC_PREFIX_HEADER = "Player/Player-Prefix.pch";
				INFOPLIST_FILE = "Player/Player-Info.plist";
				INFOPLIST_PREFIX_HEADER = revision.prefix;
				INFOPLIST_PREPROCESS = YES;
				IPHONEOS_DEPLOYMENT_TARGET = 7.0;
				PRODUCT_NAME = Baladeur;
				USER_HEADER_SEARCH_PATHS = "\"${PROJECT_DIR}/Pods\"/**";
				WRAPPER_EXTENSION = app;
			};
			name = Release;
		};
/* End XCBuildConfiguration section */

/* Begin XCConfigurationList section */
		C3BC5A211656B772002DA837 /* Build configuration list for PBXProject "Player" */ = {
			isa = XCConfigurationList;
			buildConfigurations = (
				C3BC5A491656B772002DA837 /* Debug */,
				C3BC5A4A1656B772002DA837 /* Release */,
			);
			defaultConfigurationIsVisible = 0;
			defaultConfigurationName = Release;
		};
		C3BC5A4B1656B772002DA837 /* Build configuration list for PBXNativeTarget "Player" */ = {
			isa = XCConfigurationList;
			buildConfigurations = (
				C3BC5A4C1656B772002DA837 /* Debug */,
				C3BC5A4D1656B772002DA837 /* Release */,
			);
			defaultConfigurationIsVisible = 0;
			defaultConfigurationName = Release;
		};
/* End XCConfigurationList section */

/* Begin XCVersionGroup section */
		C3BC5ACB1656C81C002DA837 /* Model.xcdatamodeld */ = {
			isa = XCVersionGroup;
			children = (
				C3BC5ACC1656C81C002DA837 /* Model.xcdatamodel */,
			);
			currentVersion = C3BC5ACC1656C81C002DA837 /* Model.xcdatamodel */;
			path = Model.xcdatamodeld;
			sourceTree = "<group>";
			versionGroupType = wrapper.xcdatamodel;
		};
/* End XCVersionGroup section */
	};
	rootObject = C3BC5A1E1656B772002DA837 /* Project object */;
}
